// !$*UTF8*$!
{
	archiveVersion = 1;
	classes = {
	};
	objectVersion = 56;
	objects = {

/* Begin PBXBuildFile section */
		4729A9AC298EFE90003C52E0 /* pie.usdz in Resources */ = {isa = PBXBuildFile; fileRef = 4729A9AA298EFE90003C52E0 /* pie.usdz */; };
		4729A9AD298EFE90003C52E0 /* pot.usdz in Resources */ = {isa = PBXBuildFile; fileRef = 4729A9AB298EFE90003C52E0 /* pot.usdz */; };
		4729A9B5298F28E0003C52E0 /* DeviceService.swift in Sources */ = {isa = PBXBuildFile; fileRef = 4729A9B3298F28E0003C52E0 /* DeviceService.swift */; };
		4729A9B6298F28E0003C52E0 /* Device.swift in Sources */ = {isa = PBXBuildFile; fileRef = 4729A9B4298F28E0003C52E0 /* Device.swift */; };
		4729A9BA298F28F0003C52E0 /* UpdateAvailableVC.swift in Sources */ = {isa = PBXBuildFile; fileRef = 4729A9B8298F28F0003C52E0 /* UpdateAvailableVC.swift */; };
		4729A9BB298F28F0003C52E0 /* SheetVC.swift in Sources */ = {isa = PBXBuildFile; fileRef = 4729A9B9298F28F0003C52E0 /* SheetVC.swift */; };
		4729AA2B298F28FF003C52E0 /* MKPointOfInterestCategory+Extension.swift in Sources */ = {isa = PBXBuildFile; fileRef = 4729A9BE298F28FF003C52E0 /* MKPointOfInterestCategory+Extension.swift */; };
		4729AA2C298F28FF003C52E0 /* MKPlacemark+Address.swift in Sources */ = {isa = PBXBuildFile; fileRef = 4729A9BF298F28FF003C52E0 /* MKPlacemark+Address.swift */; };
		4729AA2D298F28FF003C52E0 /* CLLocationCoordinate+Heading.swift in Sources */ = {isa = PBXBuildFile; fileRef = 4729A9C1298F28FF003C52E0 /* CLLocationCoordinate+Heading.swift */; };
		4729AA2E298F28FF003C52E0 /* CLLocationCoordinate+Distance.swift in Sources */ = {isa = PBXBuildFile; fileRef = 4729A9C2298F28FF003C52E0 /* CLLocationCoordinate+Distance.swift */; };
		4729AA2F298F28FF003C52E0 /* CLLocationCoordiante+Midpoint.swift in Sources */ = {isa = PBXBuildFile; fileRef = 4729A9C3298F28FF003C52E0 /* CLLocationCoordiante+Midpoint.swift */; };
		4729AA30298F28FF003C52E0 /* CLLocationCoordinate.swift in Sources */ = {isa = PBXBuildFile; fileRef = 4729A9C4298F28FF003C52E0 /* CLLocationCoordinate.swift */; };
		4729AA31298F28FF003C52E0 /* Color+Hex.swift in Sources */ = {isa = PBXBuildFile; fileRef = 4729A9C5298F28FF003C52E0 /* Color+Hex.swift */; };
		4729AA32298F28FF003C52E0 /* Dict+RemoveNullEntries.swift in Sources */ = {isa = PBXBuildFile; fileRef = 4729A9C6298F28FF003C52E0 /* Dict+RemoveNullEntries.swift */; };
		4729AA33298F28FF003C52E0 /* CNContact+Number.swift in Sources */ = {isa = PBXBuildFile; fileRef = 4729A9C7298F28FF003C52E0 /* CNContact+Number.swift */; };
		4729AA34298F28FF003C52E0 /* StringChat+Emoji.swift in Sources */ = {isa = PBXBuildFile; fileRef = 4729A9C9298F28FF003C52E0 /* StringChat+Emoji.swift */; };
		4729AA35298F28FF003C52E0 /* String+Random.swift in Sources */ = {isa = PBXBuildFile; fileRef = 4729A9CA298F28FF003C52E0 /* String+Random.swift */; };
		4729AA36298F28FF003C52E0 /* String+Ranges.swift in Sources */ = {isa = PBXBuildFile; fileRef = 4729A9CB298F28FF003C52E0 /* String+Ranges.swift */; };
		4729AA37298F28FF003C52E0 /* String+Pattern.swift in Sources */ = {isa = PBXBuildFile; fileRef = 4729A9CC298F28FF003C52E0 /* String+Pattern.swift */; };
		4729AA38298F28FF003C52E0 /* String+Capitalization.swift in Sources */ = {isa = PBXBuildFile; fileRef = 4729A9CD298F28FF003C52E0 /* String+Capitalization.swift */; };
		4729AA39298F28FF003C52E0 /* String+Condensed.swift in Sources */ = {isa = PBXBuildFile; fileRef = 4729A9CE298F28FF003C52E0 /* String+Condensed.swift */; };
		4729AA3A298F28FF003C52E0 /* String+Indexing.swift in Sources */ = {isa = PBXBuildFile; fileRef = 4729A9CF298F28FF003C52E0 /* String+Indexing.swift */; };
		4729AA3B298F28FF003C52E0 /* Array+FirstWhere.swift in Sources */ = {isa = PBXBuildFile; fileRef = 4729A9D0298F28FF003C52E0 /* Array+FirstWhere.swift */; };
		4729AA3C298F28FF003C52E0 /* UIImage+Compress.swift in Sources */ = {isa = PBXBuildFile; fileRef = 4729A9D3298F28FF003C52E0 /* UIImage+Compress.swift */; };
		4729AA3D298F28FF003C52E0 /* UIImage+Resize.swift in Sources */ = {isa = PBXBuildFile; fileRef = 4729A9D4298F28FF003C52E0 /* UIImage+Resize.swift */; };
		4729AA3E298F28FF003C52E0 /* UIImage+FromColor.swift in Sources */ = {isa = PBXBuildFile; fileRef = 4729A9D5298F28FF003C52E0 /* UIImage+FromColor.swift */; };
		4729AA3F298F28FF003C52E0 /* UIImage+Blur.swift in Sources */ = {isa = PBXBuildFile; fileRef = 4729A9D6298F28FF003C52E0 /* UIImage+Blur.swift */; };
		4729AA40298F28FF003C52E0 /* UIImage+WithSize.swift in Sources */ = {isa = PBXBuildFile; fileRef = 4729A9D7298F28FF003C52E0 /* UIImage+WithSize.swift */; };
		4729AA41298F28FF003C52E0 /* UIImage+Thumbnail.swift in Sources */ = {isa = PBXBuildFile; fileRef = 4729A9D8298F28FF003C52E0 /* UIImage+Thumbnail.swift */; };
		4729AA42298F28FF003C52E0 /* UIScrollView+ToTop.swift in Sources */ = {isa = PBXBuildFile; fileRef = 4729A9DA298F28FF003C52E0 /* UIScrollView+ToTop.swift */; };
		4729AA43298F28FF003C52E0 /* UIScrollView+IsAt.swift in Sources */ = {isa = PBXBuildFile; fileRef = 4729A9DB298F28FF003C52E0 /* UIScrollView+IsAt.swift */; };
		4729AA44298F28FF003C52E0 /* UIButton+LoadingIndicator.swift in Sources */ = {isa = PBXBuildFile; fileRef = 4729A9DE298F28FF003C52E0 /* UIButton+LoadingIndicator.swift */; };
		4729AA45298F28FF003C52E0 /* UIButton+RightSideImage.swift in Sources */ = {isa = PBXBuildFile; fileRef = 4729A9DF298F28FF003C52E0 /* UIButton+RightSideImage.swift */; };
		4729AA46298F28FF003C52E0 /* UIBarButtonItem+Image.swift in Sources */ = {isa = PBXBuildFile; fileRef = 4729A9E0298F28FF003C52E0 /* UIBarButtonItem+Image.swift */; };
		4729AA47298F28FF003C52E0 /* UIView+PostBubble.swift in Sources */ = {isa = PBXBuildFile; fileRef = 4729A9E2298F28FF003C52E0 /* UIView+PostBubble.swift */; };
		4729AA48298F28FF003C52E0 /* UIView+BecomeRound.swift in Sources */ = {isa = PBXBuildFile; fileRef = 4729A9E3298F28FF003C52E0 /* UIView+BecomeRound.swift */; };
		4729AA49298F28FF003C52E0 /* UIView+Animations.swift in Sources */ = {isa = PBXBuildFile; fileRef = 4729A9E4298F28FF003C52E0 /* UIView+Animations.swift */; };
		4729AA4A298F28FF003C52E0 /* UIView+AllSubviews.swift in Sources */ = {isa = PBXBuildFile; fileRef = 4729A9E5298F28FF003C52E0 /* UIView+AllSubviews.swift */; };
		4729AA4B298F28FF003C52E0 /* UIView+SafeAreaConstraints.swift in Sources */ = {isa = PBXBuildFile; fileRef = 4729A9E6298F28FF003C52E0 /* UIView+SafeAreaConstraints.swift */; };
		4729AA4C298F28FF003C52E0 /* UIView+RoundedIndividualCorners.swift in Sources */ = {isa = PBXBuildFile; fileRef = 4729A9E7298F28FF003C52E0 /* UIView+RoundedIndividualCorners.swift */; };
		4729AA4D298F28FF003C52E0 /* UIView+ParentVC.swift in Sources */ = {isa = PBXBuildFile; fileRef = 4729A9E8298F28FF003C52E0 /* UIView+ParentVC.swift */; };
		4729AA4E298F28FF003C52E0 /* UIView+TopBorder.swift in Sources */ = {isa = PBXBuildFile; fileRef = 4729A9E9298F28FF003C52E0 /* UIView+TopBorder.swift */; };
		4729AA4F298F28FF003C52E0 /* UIView+LoadFromNib.swift in Sources */ = {isa = PBXBuildFile; fileRef = 4729A9EA298F28FF003C52E0 /* UIView+LoadFromNib.swift */; };
		4729AA50298F28FF003C52E0 /* UIView+Shadow.swift in Sources */ = {isa = PBXBuildFile; fileRef = 4729A9EB298F28FF003C52E0 /* UIView+Shadow.swift */; };
		4729AA51298F28FF003C52E0 /* UIView+AddBorders.swift in Sources */ = {isa = PBXBuildFile; fileRef = 4729A9EC298F28FF003C52E0 /* UIView+AddBorders.swift */; };
		4729AA52298F28FF003C52E0 /* UIColor+Hex.swift in Sources */ = {isa = PBXBuildFile; fileRef = 4729A9ED298F28FF003C52E0 /* UIColor+Hex.swift */; };
		4729AA53298F28FF003C52E0 /* UIPageViewController+GoTo.swift in Sources */ = {isa = PBXBuildFile; fileRef = 4729A9EE298F28FF003C52E0 /* UIPageViewController+GoTo.swift */; };
		4729AA54298F28FF003C52E0 /* UINavigationController+Completion.swift in Sources */ = {isa = PBXBuildFile; fileRef = 4729A9F0298F28FF003C52E0 /* UINavigationController+Completion.swift */; };
		4729AA55298F28FF003C52E0 /* UINavigationController+SwipeBack.swift in Sources */ = {isa = PBXBuildFile; fileRef = 4729A9F1298F28FF003C52E0 /* UINavigationController+SwipeBack.swift */; };
		4729AA56298F28FF003C52E0 /* UINavigationItem+UIButton.swift in Sources */ = {isa = PBXBuildFile; fileRef = 4729A9F2298F28FF003C52E0 /* UINavigationItem+UIButton.swift */; };
		4729AA57298F28FF003C52E0 /* InsetLabel.swift in Sources */ = {isa = PBXBuildFile; fileRef = 4729A9F3298F28FF003C52E0 /* InsetLabel.swift */; };
		4729AA58298F28FF003C52E0 /* UIAlertController+AddImage.swift in Sources */ = {isa = PBXBuildFile; fileRef = 4729A9F4298F28FF003C52E0 /* UIAlertController+AddImage.swift */; };
		4729AA59298F28FF003C52E0 /* UITextView+Newline.swift in Sources */ = {isa = PBXBuildFile; fileRef = 4729A9F6298F28FF003C52E0 /* UITextView+Newline.swift */; };
		4729AA5A298F28FF003C52E0 /* UITextView+MaxLength.swift in Sources */ = {isa = PBXBuildFile; fileRef = 4729A9F7298F28FF003C52E0 /* UITextView+MaxLength.swift */; };
		4729AA5B298F28FF003C52E0 /* UITextView+Placeholder.swift in Sources */ = {isa = PBXBuildFile; fileRef = 4729A9F8298F28FF003C52E0 /* UITextView+Placeholder.swift */; };
		4729AA5C298F28FF003C52E0 /* UITextView+PreventPeriod.swift in Sources */ = {isa = PBXBuildFile; fileRef = 4729A9F9298F28FF003C52E0 /* UITextView+PreventPeriod.swift */; };
		4729AA5D298F28FF003C52E0 /* UIImageView+ProfilePic.swift in Sources */ = {isa = PBXBuildFile; fileRef = 4729A9FB298F28FF003C52E0 /* UIImageView+ProfilePic.swift */; };
		4729AA5E298F28FF003C52E0 /* UIImageView+Inspectable.swift in Sources */ = {isa = PBXBuildFile; fileRef = 4729A9FC298F28FF003C52E0 /* UIImageView+Inspectable.swift */; };
		4729AA5F298F28FF003C52E0 /* UIImageView+Initials.swift in Sources */ = {isa = PBXBuildFile; fileRef = 4729A9FD298F28FF003C52E0 /* UIImageView+Initials.swift */; };
		4729AA60298F28FF003C52E0 /* UIViewController+Child.swift in Sources */ = {isa = PBXBuildFile; fileRef = 4729A9FF298F28FF003C52E0 /* UIViewController+Child.swift */; };
		4729AA61298F28FF003C52E0 /* UIViewController+TopLoading.swift in Sources */ = {isa = PBXBuildFile; fileRef = 4729AA00298F28FF003C52E0 /* UIViewController+TopLoading.swift */; };
		4729AA62298F28FF003C52E0 /* UIViewController+OpenURL.swift in Sources */ = {isa = PBXBuildFile; fileRef = 4729AA01298F28FF003C52E0 /* UIViewController+OpenURL.swift */; };
		4729AA63298F28FF003C52E0 /* UIVC+InteractivePop.swift in Sources */ = {isa = PBXBuildFile; fileRef = 4729AA02298F28FF003C52E0 /* UIVC+InteractivePop.swift */; };
		4729AA64298F28FF003C52E0 /* UIViewController+DismissFlag.swift in Sources */ = {isa = PBXBuildFile; fileRef = 4729AA03298F28FF003C52E0 /* UIViewController+DismissFlag.swift */; };
		4729AA65298F28FF003C52E0 /* UIViewController+SBTransition.swift in Sources */ = {isa = PBXBuildFile; fileRef = 4729AA04298F28FF003C52E0 /* UIViewController+SBTransition.swift */; };
		4729AA66298F28FF003C52E0 /* UIViewController+Window.swift in Sources */ = {isa = PBXBuildFile; fileRef = 4729AA05298F28FF003C52E0 /* UIViewController+Window.swift */; };
		4729AA67298F28FF003C52E0 /* UIViewController+MistShareActivity.swift in Sources */ = {isa = PBXBuildFile; fileRef = 4729AA06298F28FF003C52E0 /* UIViewController+MistShareActivity.swift */; };
		4729AA68298F28FF003C52E0 /* UIViewController+FloatingButton.swift in Sources */ = {isa = PBXBuildFile; fileRef = 4729AA07298F28FF003C52E0 /* UIViewController+FloatingButton.swift */; };
		4729AA69298F28FF003C52E0 /* UIViewController+OpenMailApp.swift in Sources */ = {isa = PBXBuildFile; fileRef = 4729AA08298F28FF003C52E0 /* UIViewController+OpenMailApp.swift */; };
		4729AA6A298F28FF003C52E0 /* UIViewController+Loading.swift in Sources */ = {isa = PBXBuildFile; fileRef = 4729AA09298F28FF003C52E0 /* UIViewController+Loading.swift */; };
		4729AA6B298F28FF003C52E0 /* UIViewController+ShareImage.swift in Sources */ = {isa = PBXBuildFile; fileRef = 4729AA0A298F28FF003C52E0 /* UIViewController+ShareImage.swift */; };
		4729AA6C298F28FF003C52E0 /* UITableView+DeselectAll.swift in Sources */ = {isa = PBXBuildFile; fileRef = 4729AA0C298F28FF003C52E0 /* UITableView+DeselectAll.swift */; };
		4729AA6D298F28FF003C52E0 /* UITableView+SectionShadow.swift in Sources */ = {isa = PBXBuildFile; fileRef = 4729AA0D298F28FF003C52E0 /* UITableView+SectionShadow.swift */; };
		4729AA6E298F28FF003C52E0 /* UITableView+AnimateReload.swift in Sources */ = {isa = PBXBuildFile; fileRef = 4729AA0E298F28FF003C52E0 /* UITableView+AnimateReload.swift */; };
		4729AA6F298F28FF003C52E0 /* PanGesture+Direction.swift in Sources */ = {isa = PBXBuildFile; fileRef = 4729AA10298F28FF003C52E0 /* PanGesture+Direction.swift */; };
		4729AA70298F28FF003C52E0 /* UISearchBar+CenterText.swift in Sources */ = {isa = PBXBuildFile; fileRef = 4729AA11298F28FF003C52E0 /* UISearchBar+CenterText.swift */; };
		4729AA71298F28FF003C52E0 /* UISegmentedControl+Twitter.swift in Sources */ = {isa = PBXBuildFile; fileRef = 4729AA12298F28FF003C52E0 /* UISegmentedControl+Twitter.swift */; };
		4729AA72298F28FF003C52E0 /* UITextField+MaxLength.swift in Sources */ = {isa = PBXBuildFile; fileRef = 4729AA14298F28FF003C52E0 /* UITextField+MaxLength.swift */; };
		4729AA73298F28FF003C52E0 /* UITextField+Padding.swift in Sources */ = {isa = PBXBuildFile; fileRef = 4729AA15298F28FF003C52E0 /* UITextField+Padding.swift */; };
		4729AA74298F28FF003C52E0 /* Encodable+Dict.swift in Sources */ = {isa = PBXBuildFile; fileRef = 4729AA16298F28FF003C52E0 /* Encodable+Dict.swift */; };
		4729AA75298F28FF003C52E0 /* Constants.swift in Sources */ = {isa = PBXBuildFile; fileRef = 4729AA18298F28FF003C52E0 /* Constants.swift */; };
		4729AA76298F28FF003C52E0 /* UIColor+Custom.swift in Sources */ = {isa = PBXBuildFile; fileRef = 4729AA19298F28FF003C52E0 /* UIColor+Custom.swift */; };
		4729AA77298F28FF003C52E0 /* UIFont+Custom.swift in Sources */ = {isa = PBXBuildFile; fileRef = 4729AA1A298F28FF003C52E0 /* UIFont+Custom.swift */; };
		4729AA78298F28FF003C52E0 /* ImagePicker.swift in Sources */ = {isa = PBXBuildFile; fileRef = 4729AA1C298F28FF003C52E0 /* ImagePicker.swift */; };
		4729AA79298F28FF003C52E0 /* MessageComposer.swift in Sources */ = {isa = PBXBuildFile; fileRef = 4729AA1D298F28FF003C52E0 /* MessageComposer.swift */; };
		4729AA7A298F28FF003C52E0 /* AppStoreReviewManager.swift in Sources */ = {isa = PBXBuildFile; fileRef = 4729AA1F298F28FF003C52E0 /* AppStoreReviewManager.swift */; };
		4729AA7B298F28FF003C52E0 /* AlertManager.swift in Sources */ = {isa = PBXBuildFile; fileRef = 4729AA20298F28FF003C52E0 /* AlertManager.swift */; };
		4729AA7C298F28FF003C52E0 /* NotificationsManager.swift in Sources */ = {isa = PBXBuildFile; fileRef = 4729AA21298F28FF003C52E0 /* NotificationsManager.swift */; };
		4729AA7D298F28FF003C52E0 /* PermissionsManager.swift in Sources */ = {isa = PBXBuildFile; fileRef = 4729AA22298F28FF003C52E0 /* PermissionsManager.swift */; };
		4729AA7E298F28FF003C52E0 /* ContactsManager.swift in Sources */ = {isa = PBXBuildFile; fileRef = 4729AA23298F28FF003C52E0 /* ContactsManager.swift */; };
		4729AA7F298F28FF003C52E0 /* Distance.swift in Sources */ = {isa = PBXBuildFile; fileRef = 4729AA25298F28FF003C52E0 /* Distance.swift */; };
		4729AA80298F28FF003C52E0 /* Time.swift in Sources */ = {isa = PBXBuildFile; fileRef = 4729AA26298F28FF003C52E0 /* Time.swift */; };
		4729AA81298F28FF003C52E0 /* Validate.swift in Sources */ = {isa = PBXBuildFile; fileRef = 4729AA27298F28FF003C52E0 /* Validate.swift */; };
		4729AA82298F28FF003C52E0 /* Version.swift in Sources */ = {isa = PBXBuildFile; fileRef = 4729AA28298F28FF003C52E0 /* Version.swift */; };
		4729AA83298F28FF003C52E0 /* CustomAttributedString.swift in Sources */ = {isa = PBXBuildFile; fileRef = 4729AA29298F28FF003C52E0 /* CustomAttributedString.swift */; };
		4729AA84298F28FF003C52E0 /* Numbers.swift in Sources */ = {isa = PBXBuildFile; fileRef = 4729AA2A298F28FF003C52E0 /* Numbers.swift */; };
		4729AA86298F29C2003C52E0 /* SceneDelegate.swift in Sources */ = {isa = PBXBuildFile; fileRef = 4729AA85298F29C2003C52E0 /* SceneDelegate.swift */; };
		4729AA89298F2A12003C52E0 /* SwiftMessages in Frameworks */ = {isa = PBXBuildFile; productRef = 4729AA88298F2A12003C52E0 /* SwiftMessages */; };
		4729AA8D298F2AD1003C52E0 /* MenuItemTableCell.swift in Sources */ = {isa = PBXBuildFile; fileRef = 4729AA8B298F2AD1003C52E0 /* MenuItemTableCell.swift */; };
		4729AA8E298F2AD1003C52E0 /* MenuItemTableCell.xib in Resources */ = {isa = PBXBuildFile; fileRef = 4729AA8C298F2AD1003C52E0 /* MenuItemTableCell.xib */; };
		4729AA90298F2DBF003C52E0 /* MenuItem.swift in Sources */ = {isa = PBXBuildFile; fileRef = 4729AA8F298F2DBF003C52E0 /* MenuItem.swift */; };
		4729AA92298F3243003C52E0 /* CustomSheetViewController.swift in Sources */ = {isa = PBXBuildFile; fileRef = 4729AA91298F3243003C52E0 /* CustomSheetViewController.swift */; };
		4729AA94298F3257003C52E0 /* ItemSheetVC.swift in Sources */ = {isa = PBXBuildFile; fileRef = 4729AA93298F3257003C52E0 /* ItemSheetVC.swift */; };
		4729AA99298F479E003C52E0 /* CheckoutVC.swift in Sources */ = {isa = PBXBuildFile; fileRef = 4729AA98298F479E003C52E0 /* CheckoutVC.swift */; };
		4729AA9B298F488A003C52E0 /* MoreVC.swift in Sources */ = {isa = PBXBuildFile; fileRef = 4729AA9A298F488A003C52E0 /* MoreVC.swift */; };
		4729AA9F298F77F4003C52E0 /* Models.scnassets in Resources */ = {isa = PBXBuildFile; fileRef = 4729AA9E298F77F4003C52E0 /* Models.scnassets */; };
		4729AAAC298F7814003C52E0 /* FocusSquareSegment.swift in Sources */ = {isa = PBXBuildFile; fileRef = 4729AAA2298F7814003C52E0 /* FocusSquareSegment.swift */; };
		4729AAAD298F7814003C52E0 /* FocusSquare.swift in Sources */ = {isa = PBXBuildFile; fileRef = 4729AAA3298F7814003C52E0 /* FocusSquare.swift */; };
		4729AAAE298F7814003C52E0 /* VirtualObjectLoader.swift in Sources */ = {isa = PBXBuildFile; fileRef = 4729AAA5298F7814003C52E0 /* VirtualObjectLoader.swift */; };
		4729AAAF298F7814003C52E0 /* VirtualObject.swift in Sources */ = {isa = PBXBuildFile; fileRef = 4729AAA6298F7814003C52E0 /* VirtualObject.swift */; };
		4729AAB0298F7814003C52E0 /* Utilities.swift in Sources */ = {isa = PBXBuildFile; fileRef = 4729AAA8298F7814003C52E0 /* Utilities.swift */; };
		4729AAB1298F7814003C52E0 /* VirtualObjectSelection.swift in Sources */ = {isa = PBXBuildFile; fileRef = 4729AAAA298F7814003C52E0 /* VirtualObjectSelection.swift */; };
		4729AAB2298F7814003C52E0 /* StatusViewController.swift in Sources */ = {isa = PBXBuildFile; fileRef = 4729AAAB298F7814003C52E0 /* StatusViewController.swift */; };
		4729AABA298F7838003C52E0 /* ViewController+ObjectSelection.swift in Sources */ = {isa = PBXBuildFile; fileRef = 4729AAB3298F7837003C52E0 /* ViewController+ObjectSelection.swift */; };
		4729AABB298F7838003C52E0 /* VirtualObjectInteraction.swift in Sources */ = {isa = PBXBuildFile; fileRef = 4729AAB4298F7837003C52E0 /* VirtualObjectInteraction.swift */; };
		4729AABC298F7838003C52E0 /* ViewController+CoachingOverlay.swift in Sources */ = {isa = PBXBuildFile; fileRef = 4729AAB5298F7837003C52E0 /* ViewController+CoachingOverlay.swift */; };
		4729AABD298F7838003C52E0 /* ViewController+ARSCNViewDelegate.swift in Sources */ = {isa = PBXBuildFile; fileRef = 4729AAB6298F7838003C52E0 /* ViewController+ARSCNViewDelegate.swift */; };
		4729AABE298F7838003C52E0 /* VirtualObjectARView.swift in Sources */ = {isa = PBXBuildFile; fileRef = 4729AAB7298F7838003C52E0 /* VirtualObjectARView.swift */; };
		4729AABF298F7838003C52E0 /* ThresholdPanGesture.swift in Sources */ = {isa = PBXBuildFile; fileRef = 4729AAB8298F7838003C52E0 /* ThresholdPanGesture.swift */; };
		4729AAC0298F7838003C52E0 /* ViewController+Actions.swift in Sources */ = {isa = PBXBuildFile; fileRef = 4729AAB9298F7838003C52E0 /* ViewController+Actions.swift */; };
		4729AAC2298F7875003C52E0 /* MenuVC+AR.swift in Sources */ = {isa = PBXBuildFile; fileRef = 4729AAC1298F7875003C52E0 /* MenuVC+AR.swift */; };
<<<<<<< Updated upstream
		4729AAC4298F7D0A003C52E0 /* CartService.swift in Sources */ = {isa = PBXBuildFile; fileRef = 4729AAC3298F7D0A003C52E0 /* CartService.swift */; };
		4729AAC6298F7D0F003C52E0 /* Cart.swift in Sources */ = {isa = PBXBuildFile; fileRef = 4729AAC5298F7D0F003C52E0 /* Cart.swift */; };
=======
		AC0CF8FD298F854700ADE21A /* falafel.usdz in Resources */ = {isa = PBXBuildFile; fileRef = AC0CF8FC298F854700ADE21A /* falafel.usdz */; };
		AC0CF8FF298F858A00ADE21A /* falafel.scn in Resources */ = {isa = PBXBuildFile; fileRef = AC0CF8FE298F858A00ADE21A /* falafel.scn */; };
>>>>>>> Stashed changes
		AC1DB79D298EF90A000B670F /* AppDelegate.swift in Sources */ = {isa = PBXBuildFile; fileRef = AC1DB79C298EF90A000B670F /* AppDelegate.swift */; };
		AC1DB79F298EF90A000B670F /* MenuVC.swift in Sources */ = {isa = PBXBuildFile; fileRef = AC1DB79E298EF90A000B670F /* MenuVC.swift */; };
		AC1DB7A1298EF90A000B670F /* Experience.rcproject in Sources */ = {isa = PBXBuildFile; fileRef = AC1DB7A0298EF90A000B670F /* Experience.rcproject */; };
		AC1DB7A4298EF90A000B670F /* Main.storyboard in Resources */ = {isa = PBXBuildFile; fileRef = AC1DB7A2298EF90A000B670F /* Main.storyboard */; };
		AC1DB7A6298EF90C000B670F /* Assets.xcassets in Resources */ = {isa = PBXBuildFile; fileRef = AC1DB7A5298EF90C000B670F /* Assets.xcassets */; };
		AC1DB7A9298EF90C000B670F /* LaunchScreen.storyboard in Resources */ = {isa = PBXBuildFile; fileRef = AC1DB7A7298EF90C000B670F /* LaunchScreen.storyboard */; };
/* End PBXBuildFile section */

/* Begin PBXFileReference section */
		4729A9AA298EFE90003C52E0 /* pie.usdz */ = {isa = PBXFileReference; lastKnownFileType = file.usdz; path = pie.usdz; sourceTree = "<group>"; };
		4729A9AB298EFE90003C52E0 /* pot.usdz */ = {isa = PBXFileReference; lastKnownFileType = file.usdz; path = pot.usdz; sourceTree = "<group>"; };
		4729A9B3298F28E0003C52E0 /* DeviceService.swift */ = {isa = PBXFileReference; fileEncoding = 4; lastKnownFileType = sourcecode.swift; path = DeviceService.swift; sourceTree = "<group>"; };
		4729A9B4298F28E0003C52E0 /* Device.swift */ = {isa = PBXFileReference; fileEncoding = 4; lastKnownFileType = sourcecode.swift; path = Device.swift; sourceTree = "<group>"; };
		4729A9B8298F28F0003C52E0 /* UpdateAvailableVC.swift */ = {isa = PBXFileReference; fileEncoding = 4; lastKnownFileType = sourcecode.swift; path = UpdateAvailableVC.swift; sourceTree = "<group>"; };
		4729A9B9298F28F0003C52E0 /* SheetVC.swift */ = {isa = PBXFileReference; fileEncoding = 4; lastKnownFileType = sourcecode.swift; path = SheetVC.swift; sourceTree = "<group>"; };
		4729A9BE298F28FF003C52E0 /* MKPointOfInterestCategory+Extension.swift */ = {isa = PBXFileReference; fileEncoding = 4; lastKnownFileType = sourcecode.swift; path = "MKPointOfInterestCategory+Extension.swift"; sourceTree = "<group>"; };
		4729A9BF298F28FF003C52E0 /* MKPlacemark+Address.swift */ = {isa = PBXFileReference; fileEncoding = 4; lastKnownFileType = sourcecode.swift; path = "MKPlacemark+Address.swift"; sourceTree = "<group>"; };
		4729A9C1298F28FF003C52E0 /* CLLocationCoordinate+Heading.swift */ = {isa = PBXFileReference; fileEncoding = 4; lastKnownFileType = sourcecode.swift; path = "CLLocationCoordinate+Heading.swift"; sourceTree = "<group>"; };
		4729A9C2298F28FF003C52E0 /* CLLocationCoordinate+Distance.swift */ = {isa = PBXFileReference; fileEncoding = 4; lastKnownFileType = sourcecode.swift; path = "CLLocationCoordinate+Distance.swift"; sourceTree = "<group>"; };
		4729A9C3298F28FF003C52E0 /* CLLocationCoordiante+Midpoint.swift */ = {isa = PBXFileReference; fileEncoding = 4; lastKnownFileType = sourcecode.swift; path = "CLLocationCoordiante+Midpoint.swift"; sourceTree = "<group>"; };
		4729A9C4298F28FF003C52E0 /* CLLocationCoordinate.swift */ = {isa = PBXFileReference; fileEncoding = 4; lastKnownFileType = sourcecode.swift; path = CLLocationCoordinate.swift; sourceTree = "<group>"; };
		4729A9C5298F28FF003C52E0 /* Color+Hex.swift */ = {isa = PBXFileReference; fileEncoding = 4; lastKnownFileType = sourcecode.swift; path = "Color+Hex.swift"; sourceTree = "<group>"; };
		4729A9C6298F28FF003C52E0 /* Dict+RemoveNullEntries.swift */ = {isa = PBXFileReference; fileEncoding = 4; lastKnownFileType = sourcecode.swift; path = "Dict+RemoveNullEntries.swift"; sourceTree = "<group>"; };
		4729A9C7298F28FF003C52E0 /* CNContact+Number.swift */ = {isa = PBXFileReference; fileEncoding = 4; lastKnownFileType = sourcecode.swift; path = "CNContact+Number.swift"; sourceTree = "<group>"; };
		4729A9C9298F28FF003C52E0 /* StringChat+Emoji.swift */ = {isa = PBXFileReference; fileEncoding = 4; lastKnownFileType = sourcecode.swift; path = "StringChat+Emoji.swift"; sourceTree = "<group>"; };
		4729A9CA298F28FF003C52E0 /* String+Random.swift */ = {isa = PBXFileReference; fileEncoding = 4; lastKnownFileType = sourcecode.swift; path = "String+Random.swift"; sourceTree = "<group>"; };
		4729A9CB298F28FF003C52E0 /* String+Ranges.swift */ = {isa = PBXFileReference; fileEncoding = 4; lastKnownFileType = sourcecode.swift; path = "String+Ranges.swift"; sourceTree = "<group>"; };
		4729A9CC298F28FF003C52E0 /* String+Pattern.swift */ = {isa = PBXFileReference; fileEncoding = 4; lastKnownFileType = sourcecode.swift; path = "String+Pattern.swift"; sourceTree = "<group>"; };
		4729A9CD298F28FF003C52E0 /* String+Capitalization.swift */ = {isa = PBXFileReference; fileEncoding = 4; lastKnownFileType = sourcecode.swift; path = "String+Capitalization.swift"; sourceTree = "<group>"; };
		4729A9CE298F28FF003C52E0 /* String+Condensed.swift */ = {isa = PBXFileReference; fileEncoding = 4; lastKnownFileType = sourcecode.swift; path = "String+Condensed.swift"; sourceTree = "<group>"; };
		4729A9CF298F28FF003C52E0 /* String+Indexing.swift */ = {isa = PBXFileReference; fileEncoding = 4; lastKnownFileType = sourcecode.swift; path = "String+Indexing.swift"; sourceTree = "<group>"; };
		4729A9D0298F28FF003C52E0 /* Array+FirstWhere.swift */ = {isa = PBXFileReference; fileEncoding = 4; lastKnownFileType = sourcecode.swift; path = "Array+FirstWhere.swift"; sourceTree = "<group>"; };
		4729A9D3298F28FF003C52E0 /* UIImage+Compress.swift */ = {isa = PBXFileReference; fileEncoding = 4; lastKnownFileType = sourcecode.swift; path = "UIImage+Compress.swift"; sourceTree = "<group>"; };
		4729A9D4298F28FF003C52E0 /* UIImage+Resize.swift */ = {isa = PBXFileReference; fileEncoding = 4; lastKnownFileType = sourcecode.swift; path = "UIImage+Resize.swift"; sourceTree = "<group>"; };
		4729A9D5298F28FF003C52E0 /* UIImage+FromColor.swift */ = {isa = PBXFileReference; fileEncoding = 4; lastKnownFileType = sourcecode.swift; path = "UIImage+FromColor.swift"; sourceTree = "<group>"; };
		4729A9D6298F28FF003C52E0 /* UIImage+Blur.swift */ = {isa = PBXFileReference; fileEncoding = 4; lastKnownFileType = sourcecode.swift; path = "UIImage+Blur.swift"; sourceTree = "<group>"; };
		4729A9D7298F28FF003C52E0 /* UIImage+WithSize.swift */ = {isa = PBXFileReference; fileEncoding = 4; lastKnownFileType = sourcecode.swift; path = "UIImage+WithSize.swift"; sourceTree = "<group>"; };
		4729A9D8298F28FF003C52E0 /* UIImage+Thumbnail.swift */ = {isa = PBXFileReference; fileEncoding = 4; lastKnownFileType = sourcecode.swift; path = "UIImage+Thumbnail.swift"; sourceTree = "<group>"; };
		4729A9DA298F28FF003C52E0 /* UIScrollView+ToTop.swift */ = {isa = PBXFileReference; fileEncoding = 4; lastKnownFileType = sourcecode.swift; path = "UIScrollView+ToTop.swift"; sourceTree = "<group>"; };
		4729A9DB298F28FF003C52E0 /* UIScrollView+IsAt.swift */ = {isa = PBXFileReference; fileEncoding = 4; lastKnownFileType = sourcecode.swift; path = "UIScrollView+IsAt.swift"; sourceTree = "<group>"; };
		4729A9DE298F28FF003C52E0 /* UIButton+LoadingIndicator.swift */ = {isa = PBXFileReference; fileEncoding = 4; lastKnownFileType = sourcecode.swift; path = "UIButton+LoadingIndicator.swift"; sourceTree = "<group>"; };
		4729A9DF298F28FF003C52E0 /* UIButton+RightSideImage.swift */ = {isa = PBXFileReference; fileEncoding = 4; lastKnownFileType = sourcecode.swift; path = "UIButton+RightSideImage.swift"; sourceTree = "<group>"; };
		4729A9E0298F28FF003C52E0 /* UIBarButtonItem+Image.swift */ = {isa = PBXFileReference; fileEncoding = 4; lastKnownFileType = sourcecode.swift; path = "UIBarButtonItem+Image.swift"; sourceTree = "<group>"; };
		4729A9E2298F28FF003C52E0 /* UIView+PostBubble.swift */ = {isa = PBXFileReference; fileEncoding = 4; lastKnownFileType = sourcecode.swift; path = "UIView+PostBubble.swift"; sourceTree = "<group>"; };
		4729A9E3298F28FF003C52E0 /* UIView+BecomeRound.swift */ = {isa = PBXFileReference; fileEncoding = 4; lastKnownFileType = sourcecode.swift; path = "UIView+BecomeRound.swift"; sourceTree = "<group>"; };
		4729A9E4298F28FF003C52E0 /* UIView+Animations.swift */ = {isa = PBXFileReference; fileEncoding = 4; lastKnownFileType = sourcecode.swift; path = "UIView+Animations.swift"; sourceTree = "<group>"; };
		4729A9E5298F28FF003C52E0 /* UIView+AllSubviews.swift */ = {isa = PBXFileReference; fileEncoding = 4; lastKnownFileType = sourcecode.swift; path = "UIView+AllSubviews.swift"; sourceTree = "<group>"; };
		4729A9E6298F28FF003C52E0 /* UIView+SafeAreaConstraints.swift */ = {isa = PBXFileReference; fileEncoding = 4; lastKnownFileType = sourcecode.swift; path = "UIView+SafeAreaConstraints.swift"; sourceTree = "<group>"; };
		4729A9E7298F28FF003C52E0 /* UIView+RoundedIndividualCorners.swift */ = {isa = PBXFileReference; fileEncoding = 4; lastKnownFileType = sourcecode.swift; path = "UIView+RoundedIndividualCorners.swift"; sourceTree = "<group>"; };
		4729A9E8298F28FF003C52E0 /* UIView+ParentVC.swift */ = {isa = PBXFileReference; fileEncoding = 4; lastKnownFileType = sourcecode.swift; path = "UIView+ParentVC.swift"; sourceTree = "<group>"; };
		4729A9E9298F28FF003C52E0 /* UIView+TopBorder.swift */ = {isa = PBXFileReference; fileEncoding = 4; lastKnownFileType = sourcecode.swift; path = "UIView+TopBorder.swift"; sourceTree = "<group>"; };
		4729A9EA298F28FF003C52E0 /* UIView+LoadFromNib.swift */ = {isa = PBXFileReference; fileEncoding = 4; lastKnownFileType = sourcecode.swift; path = "UIView+LoadFromNib.swift"; sourceTree = "<group>"; };
		4729A9EB298F28FF003C52E0 /* UIView+Shadow.swift */ = {isa = PBXFileReference; fileEncoding = 4; lastKnownFileType = sourcecode.swift; path = "UIView+Shadow.swift"; sourceTree = "<group>"; };
		4729A9EC298F28FF003C52E0 /* UIView+AddBorders.swift */ = {isa = PBXFileReference; fileEncoding = 4; lastKnownFileType = sourcecode.swift; path = "UIView+AddBorders.swift"; sourceTree = "<group>"; };
		4729A9ED298F28FF003C52E0 /* UIColor+Hex.swift */ = {isa = PBXFileReference; fileEncoding = 4; lastKnownFileType = sourcecode.swift; path = "UIColor+Hex.swift"; sourceTree = "<group>"; };
		4729A9EE298F28FF003C52E0 /* UIPageViewController+GoTo.swift */ = {isa = PBXFileReference; fileEncoding = 4; lastKnownFileType = sourcecode.swift; path = "UIPageViewController+GoTo.swift"; sourceTree = "<group>"; };
		4729A9F0298F28FF003C52E0 /* UINavigationController+Completion.swift */ = {isa = PBXFileReference; fileEncoding = 4; lastKnownFileType = sourcecode.swift; path = "UINavigationController+Completion.swift"; sourceTree = "<group>"; };
		4729A9F1298F28FF003C52E0 /* UINavigationController+SwipeBack.swift */ = {isa = PBXFileReference; fileEncoding = 4; lastKnownFileType = sourcecode.swift; path = "UINavigationController+SwipeBack.swift"; sourceTree = "<group>"; };
		4729A9F2298F28FF003C52E0 /* UINavigationItem+UIButton.swift */ = {isa = PBXFileReference; fileEncoding = 4; lastKnownFileType = sourcecode.swift; path = "UINavigationItem+UIButton.swift"; sourceTree = "<group>"; };
		4729A9F3298F28FF003C52E0 /* InsetLabel.swift */ = {isa = PBXFileReference; fileEncoding = 4; lastKnownFileType = sourcecode.swift; path = InsetLabel.swift; sourceTree = "<group>"; };
		4729A9F4298F28FF003C52E0 /* UIAlertController+AddImage.swift */ = {isa = PBXFileReference; fileEncoding = 4; lastKnownFileType = sourcecode.swift; path = "UIAlertController+AddImage.swift"; sourceTree = "<group>"; };
		4729A9F6298F28FF003C52E0 /* UITextView+Newline.swift */ = {isa = PBXFileReference; fileEncoding = 4; lastKnownFileType = sourcecode.swift; path = "UITextView+Newline.swift"; sourceTree = "<group>"; };
		4729A9F7298F28FF003C52E0 /* UITextView+MaxLength.swift */ = {isa = PBXFileReference; fileEncoding = 4; lastKnownFileType = sourcecode.swift; path = "UITextView+MaxLength.swift"; sourceTree = "<group>"; };
		4729A9F8298F28FF003C52E0 /* UITextView+Placeholder.swift */ = {isa = PBXFileReference; fileEncoding = 4; lastKnownFileType = sourcecode.swift; path = "UITextView+Placeholder.swift"; sourceTree = "<group>"; };
		4729A9F9298F28FF003C52E0 /* UITextView+PreventPeriod.swift */ = {isa = PBXFileReference; fileEncoding = 4; lastKnownFileType = sourcecode.swift; path = "UITextView+PreventPeriod.swift"; sourceTree = "<group>"; };
		4729A9FB298F28FF003C52E0 /* UIImageView+ProfilePic.swift */ = {isa = PBXFileReference; fileEncoding = 4; lastKnownFileType = sourcecode.swift; path = "UIImageView+ProfilePic.swift"; sourceTree = "<group>"; };
		4729A9FC298F28FF003C52E0 /* UIImageView+Inspectable.swift */ = {isa = PBXFileReference; fileEncoding = 4; lastKnownFileType = sourcecode.swift; path = "UIImageView+Inspectable.swift"; sourceTree = "<group>"; };
		4729A9FD298F28FF003C52E0 /* UIImageView+Initials.swift */ = {isa = PBXFileReference; fileEncoding = 4; lastKnownFileType = sourcecode.swift; path = "UIImageView+Initials.swift"; sourceTree = "<group>"; };
		4729A9FF298F28FF003C52E0 /* UIViewController+Child.swift */ = {isa = PBXFileReference; fileEncoding = 4; lastKnownFileType = sourcecode.swift; path = "UIViewController+Child.swift"; sourceTree = "<group>"; };
		4729AA00298F28FF003C52E0 /* UIViewController+TopLoading.swift */ = {isa = PBXFileReference; fileEncoding = 4; lastKnownFileType = sourcecode.swift; path = "UIViewController+TopLoading.swift"; sourceTree = "<group>"; };
		4729AA01298F28FF003C52E0 /* UIViewController+OpenURL.swift */ = {isa = PBXFileReference; fileEncoding = 4; lastKnownFileType = sourcecode.swift; path = "UIViewController+OpenURL.swift"; sourceTree = "<group>"; };
		4729AA02298F28FF003C52E0 /* UIVC+InteractivePop.swift */ = {isa = PBXFileReference; fileEncoding = 4; lastKnownFileType = sourcecode.swift; path = "UIVC+InteractivePop.swift"; sourceTree = "<group>"; };
		4729AA03298F28FF003C52E0 /* UIViewController+DismissFlag.swift */ = {isa = PBXFileReference; fileEncoding = 4; lastKnownFileType = sourcecode.swift; path = "UIViewController+DismissFlag.swift"; sourceTree = "<group>"; };
		4729AA04298F28FF003C52E0 /* UIViewController+SBTransition.swift */ = {isa = PBXFileReference; fileEncoding = 4; lastKnownFileType = sourcecode.swift; path = "UIViewController+SBTransition.swift"; sourceTree = "<group>"; };
		4729AA05298F28FF003C52E0 /* UIViewController+Window.swift */ = {isa = PBXFileReference; fileEncoding = 4; lastKnownFileType = sourcecode.swift; path = "UIViewController+Window.swift"; sourceTree = "<group>"; };
		4729AA06298F28FF003C52E0 /* UIViewController+MistShareActivity.swift */ = {isa = PBXFileReference; fileEncoding = 4; lastKnownFileType = sourcecode.swift; path = "UIViewController+MistShareActivity.swift"; sourceTree = "<group>"; };
		4729AA07298F28FF003C52E0 /* UIViewController+FloatingButton.swift */ = {isa = PBXFileReference; fileEncoding = 4; lastKnownFileType = sourcecode.swift; path = "UIViewController+FloatingButton.swift"; sourceTree = "<group>"; };
		4729AA08298F28FF003C52E0 /* UIViewController+OpenMailApp.swift */ = {isa = PBXFileReference; fileEncoding = 4; lastKnownFileType = sourcecode.swift; path = "UIViewController+OpenMailApp.swift"; sourceTree = "<group>"; };
		4729AA09298F28FF003C52E0 /* UIViewController+Loading.swift */ = {isa = PBXFileReference; fileEncoding = 4; lastKnownFileType = sourcecode.swift; path = "UIViewController+Loading.swift"; sourceTree = "<group>"; };
		4729AA0A298F28FF003C52E0 /* UIViewController+ShareImage.swift */ = {isa = PBXFileReference; fileEncoding = 4; lastKnownFileType = sourcecode.swift; path = "UIViewController+ShareImage.swift"; sourceTree = "<group>"; };
		4729AA0C298F28FF003C52E0 /* UITableView+DeselectAll.swift */ = {isa = PBXFileReference; fileEncoding = 4; lastKnownFileType = sourcecode.swift; path = "UITableView+DeselectAll.swift"; sourceTree = "<group>"; };
		4729AA0D298F28FF003C52E0 /* UITableView+SectionShadow.swift */ = {isa = PBXFileReference; fileEncoding = 4; lastKnownFileType = sourcecode.swift; path = "UITableView+SectionShadow.swift"; sourceTree = "<group>"; };
		4729AA0E298F28FF003C52E0 /* UITableView+AnimateReload.swift */ = {isa = PBXFileReference; fileEncoding = 4; lastKnownFileType = sourcecode.swift; path = "UITableView+AnimateReload.swift"; sourceTree = "<group>"; };
		4729AA10298F28FF003C52E0 /* PanGesture+Direction.swift */ = {isa = PBXFileReference; fileEncoding = 4; lastKnownFileType = sourcecode.swift; path = "PanGesture+Direction.swift"; sourceTree = "<group>"; };
		4729AA11298F28FF003C52E0 /* UISearchBar+CenterText.swift */ = {isa = PBXFileReference; fileEncoding = 4; lastKnownFileType = sourcecode.swift; path = "UISearchBar+CenterText.swift"; sourceTree = "<group>"; };
		4729AA12298F28FF003C52E0 /* UISegmentedControl+Twitter.swift */ = {isa = PBXFileReference; fileEncoding = 4; lastKnownFileType = sourcecode.swift; path = "UISegmentedControl+Twitter.swift"; sourceTree = "<group>"; };
		4729AA14298F28FF003C52E0 /* UITextField+MaxLength.swift */ = {isa = PBXFileReference; fileEncoding = 4; lastKnownFileType = sourcecode.swift; path = "UITextField+MaxLength.swift"; sourceTree = "<group>"; };
		4729AA15298F28FF003C52E0 /* UITextField+Padding.swift */ = {isa = PBXFileReference; fileEncoding = 4; lastKnownFileType = sourcecode.swift; path = "UITextField+Padding.swift"; sourceTree = "<group>"; };
		4729AA16298F28FF003C52E0 /* Encodable+Dict.swift */ = {isa = PBXFileReference; fileEncoding = 4; lastKnownFileType = sourcecode.swift; path = "Encodable+Dict.swift"; sourceTree = "<group>"; };
		4729AA18298F28FF003C52E0 /* Constants.swift */ = {isa = PBXFileReference; fileEncoding = 4; lastKnownFileType = sourcecode.swift; path = Constants.swift; sourceTree = "<group>"; };
		4729AA19298F28FF003C52E0 /* UIColor+Custom.swift */ = {isa = PBXFileReference; fileEncoding = 4; lastKnownFileType = sourcecode.swift; path = "UIColor+Custom.swift"; sourceTree = "<group>"; };
		4729AA1A298F28FF003C52E0 /* UIFont+Custom.swift */ = {isa = PBXFileReference; fileEncoding = 4; lastKnownFileType = sourcecode.swift; path = "UIFont+Custom.swift"; sourceTree = "<group>"; };
		4729AA1C298F28FF003C52E0 /* ImagePicker.swift */ = {isa = PBXFileReference; fileEncoding = 4; lastKnownFileType = sourcecode.swift; path = ImagePicker.swift; sourceTree = "<group>"; };
		4729AA1D298F28FF003C52E0 /* MessageComposer.swift */ = {isa = PBXFileReference; fileEncoding = 4; lastKnownFileType = sourcecode.swift; path = MessageComposer.swift; sourceTree = "<group>"; };
		4729AA1F298F28FF003C52E0 /* AppStoreReviewManager.swift */ = {isa = PBXFileReference; fileEncoding = 4; lastKnownFileType = sourcecode.swift; path = AppStoreReviewManager.swift; sourceTree = "<group>"; };
		4729AA20298F28FF003C52E0 /* AlertManager.swift */ = {isa = PBXFileReference; fileEncoding = 4; lastKnownFileType = sourcecode.swift; path = AlertManager.swift; sourceTree = "<group>"; };
		4729AA21298F28FF003C52E0 /* NotificationsManager.swift */ = {isa = PBXFileReference; fileEncoding = 4; lastKnownFileType = sourcecode.swift; path = NotificationsManager.swift; sourceTree = "<group>"; };
		4729AA22298F28FF003C52E0 /* PermissionsManager.swift */ = {isa = PBXFileReference; fileEncoding = 4; lastKnownFileType = sourcecode.swift; path = PermissionsManager.swift; sourceTree = "<group>"; };
		4729AA23298F28FF003C52E0 /* ContactsManager.swift */ = {isa = PBXFileReference; fileEncoding = 4; lastKnownFileType = sourcecode.swift; path = ContactsManager.swift; sourceTree = "<group>"; };
		4729AA25298F28FF003C52E0 /* Distance.swift */ = {isa = PBXFileReference; fileEncoding = 4; lastKnownFileType = sourcecode.swift; path = Distance.swift; sourceTree = "<group>"; };
		4729AA26298F28FF003C52E0 /* Time.swift */ = {isa = PBXFileReference; fileEncoding = 4; lastKnownFileType = sourcecode.swift; path = Time.swift; sourceTree = "<group>"; };
		4729AA27298F28FF003C52E0 /* Validate.swift */ = {isa = PBXFileReference; fileEncoding = 4; lastKnownFileType = sourcecode.swift; path = Validate.swift; sourceTree = "<group>"; };
		4729AA28298F28FF003C52E0 /* Version.swift */ = {isa = PBXFileReference; fileEncoding = 4; lastKnownFileType = sourcecode.swift; path = Version.swift; sourceTree = "<group>"; };
		4729AA29298F28FF003C52E0 /* CustomAttributedString.swift */ = {isa = PBXFileReference; fileEncoding = 4; lastKnownFileType = sourcecode.swift; path = CustomAttributedString.swift; sourceTree = "<group>"; };
		4729AA2A298F28FF003C52E0 /* Numbers.swift */ = {isa = PBXFileReference; fileEncoding = 4; lastKnownFileType = sourcecode.swift; path = Numbers.swift; sourceTree = "<group>"; };
		4729AA85298F29C2003C52E0 /* SceneDelegate.swift */ = {isa = PBXFileReference; fileEncoding = 4; lastKnownFileType = sourcecode.swift; path = SceneDelegate.swift; sourceTree = "<group>"; };
		4729AA8B298F2AD1003C52E0 /* MenuItemTableCell.swift */ = {isa = PBXFileReference; lastKnownFileType = sourcecode.swift; path = MenuItemTableCell.swift; sourceTree = "<group>"; };
		4729AA8C298F2AD1003C52E0 /* MenuItemTableCell.xib */ = {isa = PBXFileReference; lastKnownFileType = file.xib; path = MenuItemTableCell.xib; sourceTree = "<group>"; };
		4729AA8F298F2DBF003C52E0 /* MenuItem.swift */ = {isa = PBXFileReference; lastKnownFileType = sourcecode.swift; path = MenuItem.swift; sourceTree = "<group>"; };
		4729AA91298F3243003C52E0 /* CustomSheetViewController.swift */ = {isa = PBXFileReference; fileEncoding = 4; lastKnownFileType = sourcecode.swift; path = CustomSheetViewController.swift; sourceTree = "<group>"; };
		4729AA93298F3257003C52E0 /* ItemSheetVC.swift */ = {isa = PBXFileReference; fileEncoding = 4; lastKnownFileType = sourcecode.swift; path = ItemSheetVC.swift; sourceTree = "<group>"; };
		4729AA96298F32A1003C52E0 /* mist-ios-Bridging-Header.h */ = {isa = PBXFileReference; fileEncoding = 4; lastKnownFileType = sourcecode.c.h; path = "mist-ios-Bridging-Header.h"; sourceTree = "<group>"; };
		4729AA97298F32A1003C52E0 /* UISheetPresentationControllerDetent+Private.h */ = {isa = PBXFileReference; fileEncoding = 4; lastKnownFileType = sourcecode.c.h; path = "UISheetPresentationControllerDetent+Private.h"; sourceTree = "<group>"; };
		4729AA98298F479E003C52E0 /* CheckoutVC.swift */ = {isa = PBXFileReference; lastKnownFileType = sourcecode.swift; path = CheckoutVC.swift; sourceTree = "<group>"; };
		4729AA9A298F488A003C52E0 /* MoreVC.swift */ = {isa = PBXFileReference; lastKnownFileType = sourcecode.swift; path = MoreVC.swift; sourceTree = "<group>"; };
		4729AA9C298F77A5003C52E0 /* Info.plist */ = {isa = PBXFileReference; lastKnownFileType = text.plist; path = Info.plist; sourceTree = "<group>"; };
		4729AA9E298F77F4003C52E0 /* Models.scnassets */ = {isa = PBXFileReference; lastKnownFileType = wrapper.scnassets; path = Models.scnassets; sourceTree = "<group>"; };
		4729AAA2298F7814003C52E0 /* FocusSquareSegment.swift */ = {isa = PBXFileReference; fileEncoding = 4; lastKnownFileType = sourcecode.swift; path = FocusSquareSegment.swift; sourceTree = "<group>"; };
		4729AAA3298F7814003C52E0 /* FocusSquare.swift */ = {isa = PBXFileReference; fileEncoding = 4; lastKnownFileType = sourcecode.swift; path = FocusSquare.swift; sourceTree = "<group>"; };
		4729AAA5298F7814003C52E0 /* VirtualObjectLoader.swift */ = {isa = PBXFileReference; fileEncoding = 4; lastKnownFileType = sourcecode.swift; path = VirtualObjectLoader.swift; sourceTree = "<group>"; };
		4729AAA6298F7814003C52E0 /* VirtualObject.swift */ = {isa = PBXFileReference; fileEncoding = 4; lastKnownFileType = sourcecode.swift; path = VirtualObject.swift; sourceTree = "<group>"; };
		4729AAA8298F7814003C52E0 /* Utilities.swift */ = {isa = PBXFileReference; fileEncoding = 4; lastKnownFileType = sourcecode.swift; path = Utilities.swift; sourceTree = "<group>"; };
		4729AAAA298F7814003C52E0 /* VirtualObjectSelection.swift */ = {isa = PBXFileReference; fileEncoding = 4; lastKnownFileType = sourcecode.swift; path = VirtualObjectSelection.swift; sourceTree = "<group>"; };
		4729AAAB298F7814003C52E0 /* StatusViewController.swift */ = {isa = PBXFileReference; fileEncoding = 4; lastKnownFileType = sourcecode.swift; path = StatusViewController.swift; sourceTree = "<group>"; };
		4729AAB3298F7837003C52E0 /* ViewController+ObjectSelection.swift */ = {isa = PBXFileReference; fileEncoding = 4; lastKnownFileType = sourcecode.swift; path = "ViewController+ObjectSelection.swift"; sourceTree = "<group>"; };
		4729AAB4298F7837003C52E0 /* VirtualObjectInteraction.swift */ = {isa = PBXFileReference; fileEncoding = 4; lastKnownFileType = sourcecode.swift; path = VirtualObjectInteraction.swift; sourceTree = "<group>"; };
		4729AAB5298F7837003C52E0 /* ViewController+CoachingOverlay.swift */ = {isa = PBXFileReference; fileEncoding = 4; lastKnownFileType = sourcecode.swift; path = "ViewController+CoachingOverlay.swift"; sourceTree = "<group>"; };
		4729AAB6298F7838003C52E0 /* ViewController+ARSCNViewDelegate.swift */ = {isa = PBXFileReference; fileEncoding = 4; lastKnownFileType = sourcecode.swift; path = "ViewController+ARSCNViewDelegate.swift"; sourceTree = "<group>"; };
		4729AAB7298F7838003C52E0 /* VirtualObjectARView.swift */ = {isa = PBXFileReference; fileEncoding = 4; lastKnownFileType = sourcecode.swift; path = VirtualObjectARView.swift; sourceTree = "<group>"; };
		4729AAB8298F7838003C52E0 /* ThresholdPanGesture.swift */ = {isa = PBXFileReference; fileEncoding = 4; lastKnownFileType = sourcecode.swift; path = ThresholdPanGesture.swift; sourceTree = "<group>"; };
		4729AAB9298F7838003C52E0 /* ViewController+Actions.swift */ = {isa = PBXFileReference; fileEncoding = 4; lastKnownFileType = sourcecode.swift; path = "ViewController+Actions.swift"; sourceTree = "<group>"; };
		4729AAC1298F7875003C52E0 /* MenuVC+AR.swift */ = {isa = PBXFileReference; lastKnownFileType = sourcecode.swift; path = "MenuVC+AR.swift"; sourceTree = "<group>"; };
<<<<<<< Updated upstream
		4729AAC3298F7D0A003C52E0 /* CartService.swift */ = {isa = PBXFileReference; lastKnownFileType = sourcecode.swift; path = CartService.swift; sourceTree = "<group>"; };
		4729AAC5298F7D0F003C52E0 /* Cart.swift */ = {isa = PBXFileReference; lastKnownFileType = sourcecode.swift; path = Cart.swift; sourceTree = "<group>"; };
=======
		AC0CF8FC298F854700ADE21A /* falafel.usdz */ = {isa = PBXFileReference; lastKnownFileType = file.usdz; name = falafel.usdz; path = ../../../../Downloads/falafel.usdz; sourceTree = "<group>"; };
		AC0CF8FE298F858A00ADE21A /* falafel.scn */ = {isa = PBXFileReference; lastKnownFileType = file.bplist; name = falafel.scn; path = ../../../../Downloads/falafel.scn; sourceTree = "<group>"; };
>>>>>>> Stashed changes
		AC1DB799298EF90A000B670F /* NewWorldOrder.app */ = {isa = PBXFileReference; explicitFileType = wrapper.application; includeInIndex = 0; path = NewWorldOrder.app; sourceTree = BUILT_PRODUCTS_DIR; };
		AC1DB79C298EF90A000B670F /* AppDelegate.swift */ = {isa = PBXFileReference; lastKnownFileType = sourcecode.swift; path = AppDelegate.swift; sourceTree = "<group>"; };
		AC1DB79E298EF90A000B670F /* MenuVC.swift */ = {isa = PBXFileReference; lastKnownFileType = sourcecode.swift; path = MenuVC.swift; sourceTree = "<group>"; };
		AC1DB7A0298EF90A000B670F /* Experience.rcproject */ = {isa = PBXFileReference; lastKnownFileType = file.rcproject; path = Experience.rcproject; sourceTree = "<group>"; };
		AC1DB7A3298EF90A000B670F /* Base */ = {isa = PBXFileReference; lastKnownFileType = file.storyboard; name = Base; path = Base.lproj/Main.storyboard; sourceTree = "<group>"; };
		AC1DB7A5298EF90C000B670F /* Assets.xcassets */ = {isa = PBXFileReference; lastKnownFileType = folder.assetcatalog; path = Assets.xcassets; sourceTree = "<group>"; };
		AC1DB7A8298EF90C000B670F /* Base */ = {isa = PBXFileReference; lastKnownFileType = file.storyboard; name = Base; path = Base.lproj/LaunchScreen.storyboard; sourceTree = "<group>"; };
/* End PBXFileReference section */

/* Begin PBXFrameworksBuildPhase section */
		AC1DB796298EF90A000B670F /* Frameworks */ = {
			isa = PBXFrameworksBuildPhase;
			buildActionMask = 2147483647;
			files = (
				4729AA89298F2A12003C52E0 /* SwiftMessages in Frameworks */,
			);
			runOnlyForDeploymentPostprocessing = 0;
		};
/* End PBXFrameworksBuildPhase section */

/* Begin PBXGroup section */
		4729A9AE298F2866003C52E0 /* Model */ = {
			isa = PBXGroup;
			children = (
				4729AAC7298F7F28003C52E0 /* Cart */,
				4729A9B2298F28E0003C52E0 /* Device */,
				4729AA8F298F2DBF003C52E0 /* MenuItem.swift */,
			);
			path = Model;
			sourceTree = "<group>";
		};
		4729A9AF298F286A003C52E0 /* View */ = {
			isa = PBXGroup;
			children = (
				4729AA8A298F2AB9003C52E0 /* Cells */,
				4729A9B1298F28AB003C52E0 /* Storyboards */,
			);
			path = View;
			sourceTree = "<group>";
		};
		4729A9B0298F286E003C52E0 /* Controller */ = {
			isa = PBXGroup;
			children = (
				AC1DB79C298EF90A000B670F /* AppDelegate.swift */,
				4729AA85298F29C2003C52E0 /* SceneDelegate.swift */,
				AC1DB79E298EF90A000B670F /* MenuVC.swift */,
				4729AAC1298F7875003C52E0 /* MenuVC+AR.swift */,
				4729AA9A298F488A003C52E0 /* MoreVC.swift */,
				4729AA93298F3257003C52E0 /* ItemSheetVC.swift */,
				4729AA98298F479E003C52E0 /* CheckoutVC.swift */,
				4729A9B7298F28F0003C52E0 /* Misc */,
			);
			path = Controller;
			sourceTree = "<group>";
		};
		4729A9B1298F28AB003C52E0 /* Storyboards */ = {
			isa = PBXGroup;
			children = (
				AC1DB7A2298EF90A000B670F /* Main.storyboard */,
				AC1DB7A7298EF90C000B670F /* LaunchScreen.storyboard */,
			);
			path = Storyboards;
			sourceTree = "<group>";
		};
		4729A9B2298F28E0003C52E0 /* Device */ = {
			isa = PBXGroup;
			children = (
				4729A9B3298F28E0003C52E0 /* DeviceService.swift */,
				4729A9B4298F28E0003C52E0 /* Device.swift */,
			);
			path = Device;
			sourceTree = "<group>";
		};
		4729A9B7298F28F0003C52E0 /* Misc */ = {
			isa = PBXGroup;
			children = (
				4729AA91298F3243003C52E0 /* CustomSheetViewController.swift */,
				4729A9B8298F28F0003C52E0 /* UpdateAvailableVC.swift */,
				4729A9B9298F28F0003C52E0 /* SheetVC.swift */,
			);
			path = Misc;
			sourceTree = "<group>";
		};
		4729A9BC298F28FF003C52E0 /* Extensions */ = {
			isa = PBXGroup;
			children = (
				4729A9BD298F28FF003C52E0 /* Maps */,
				4729A9C5298F28FF003C52E0 /* Color+Hex.swift */,
				4729A9C6298F28FF003C52E0 /* Dict+RemoveNullEntries.swift */,
				4729A9C7298F28FF003C52E0 /* CNContact+Number.swift */,
				4729A9C8298F28FF003C52E0 /* String */,
				4729A9D0298F28FF003C52E0 /* Array+FirstWhere.swift */,
				4729A9D1298F28FF003C52E0 /* UIKitExtensions */,
				4729AA16298F28FF003C52E0 /* Encodable+Dict.swift */,
			);
			path = Extensions;
			sourceTree = "<group>";
		};
		4729A9BD298F28FF003C52E0 /* Maps */ = {
			isa = PBXGroup;
			children = (
				4729A9BE298F28FF003C52E0 /* MKPointOfInterestCategory+Extension.swift */,
				4729A9BF298F28FF003C52E0 /* MKPlacemark+Address.swift */,
				4729A9C0298F28FF003C52E0 /* CLLocationCoordinate */,
			);
			path = Maps;
			sourceTree = "<group>";
		};
		4729A9C0298F28FF003C52E0 /* CLLocationCoordinate */ = {
			isa = PBXGroup;
			children = (
				4729A9C1298F28FF003C52E0 /* CLLocationCoordinate+Heading.swift */,
				4729A9C2298F28FF003C52E0 /* CLLocationCoordinate+Distance.swift */,
				4729A9C3298F28FF003C52E0 /* CLLocationCoordiante+Midpoint.swift */,
				4729A9C4298F28FF003C52E0 /* CLLocationCoordinate.swift */,
			);
			path = CLLocationCoordinate;
			sourceTree = "<group>";
		};
		4729A9C8298F28FF003C52E0 /* String */ = {
			isa = PBXGroup;
			children = (
				4729A9C9298F28FF003C52E0 /* StringChat+Emoji.swift */,
				4729A9CA298F28FF003C52E0 /* String+Random.swift */,
				4729A9CB298F28FF003C52E0 /* String+Ranges.swift */,
				4729A9CC298F28FF003C52E0 /* String+Pattern.swift */,
				4729A9CD298F28FF003C52E0 /* String+Capitalization.swift */,
				4729A9CE298F28FF003C52E0 /* String+Condensed.swift */,
				4729A9CF298F28FF003C52E0 /* String+Indexing.swift */,
			);
			path = String;
			sourceTree = "<group>";
		};
		4729A9D1298F28FF003C52E0 /* UIKitExtensions */ = {
			isa = PBXGroup;
			children = (
				4729A9D2298F28FF003C52E0 /* UIImage */,
				4729A9D9298F28FF003C52E0 /* UIScrollView */,
				4729A9DC298F28FF003C52E0 /* NavigationController */,
				4729A9DD298F28FF003C52E0 /* UIButton */,
				4729A9E1298F28FF003C52E0 /* UIView */,
				4729A9ED298F28FF003C52E0 /* UIColor+Hex.swift */,
				4729A9EE298F28FF003C52E0 /* UIPageViewController+GoTo.swift */,
				4729A9EF298F28FF003C52E0 /* UINavigation */,
				4729A9F3298F28FF003C52E0 /* InsetLabel.swift */,
				4729A9F4298F28FF003C52E0 /* UIAlertController+AddImage.swift */,
				4729A9F5298F28FF003C52E0 /* UITextView */,
				4729A9FA298F28FF003C52E0 /* UIImageView */,
				4729A9FE298F28FF003C52E0 /* UIViewController */,
				4729AA0B298F28FF003C52E0 /* UITableView */,
				4729AA0F298F28FF003C52E0 /* GestureRecognizer */,
				4729AA11298F28FF003C52E0 /* UISearchBar+CenterText.swift */,
				4729AA12298F28FF003C52E0 /* UISegmentedControl+Twitter.swift */,
				4729AA13298F28FF003C52E0 /* UITextField */,
			);
			path = UIKitExtensions;
			sourceTree = "<group>";
		};
		4729A9D2298F28FF003C52E0 /* UIImage */ = {
			isa = PBXGroup;
			children = (
				4729A9D3298F28FF003C52E0 /* UIImage+Compress.swift */,
				4729A9D4298F28FF003C52E0 /* UIImage+Resize.swift */,
				4729A9D5298F28FF003C52E0 /* UIImage+FromColor.swift */,
				4729A9D6298F28FF003C52E0 /* UIImage+Blur.swift */,
				4729A9D7298F28FF003C52E0 /* UIImage+WithSize.swift */,
				4729A9D8298F28FF003C52E0 /* UIImage+Thumbnail.swift */,
			);
			path = UIImage;
			sourceTree = "<group>";
		};
		4729A9D9298F28FF003C52E0 /* UIScrollView */ = {
			isa = PBXGroup;
			children = (
				4729A9DA298F28FF003C52E0 /* UIScrollView+ToTop.swift */,
				4729A9DB298F28FF003C52E0 /* UIScrollView+IsAt.swift */,
			);
			path = UIScrollView;
			sourceTree = "<group>";
		};
		4729A9DC298F28FF003C52E0 /* NavigationController */ = {
			isa = PBXGroup;
			children = (
			);
			path = NavigationController;
			sourceTree = "<group>";
		};
		4729A9DD298F28FF003C52E0 /* UIButton */ = {
			isa = PBXGroup;
			children = (
				4729A9DE298F28FF003C52E0 /* UIButton+LoadingIndicator.swift */,
				4729A9DF298F28FF003C52E0 /* UIButton+RightSideImage.swift */,
				4729A9E0298F28FF003C52E0 /* UIBarButtonItem+Image.swift */,
			);
			path = UIButton;
			sourceTree = "<group>";
		};
		4729A9E1298F28FF003C52E0 /* UIView */ = {
			isa = PBXGroup;
			children = (
				4729A9E2298F28FF003C52E0 /* UIView+PostBubble.swift */,
				4729A9E3298F28FF003C52E0 /* UIView+BecomeRound.swift */,
				4729A9E4298F28FF003C52E0 /* UIView+Animations.swift */,
				4729A9E5298F28FF003C52E0 /* UIView+AllSubviews.swift */,
				4729A9E6298F28FF003C52E0 /* UIView+SafeAreaConstraints.swift */,
				4729A9E7298F28FF003C52E0 /* UIView+RoundedIndividualCorners.swift */,
				4729A9E8298F28FF003C52E0 /* UIView+ParentVC.swift */,
				4729A9E9298F28FF003C52E0 /* UIView+TopBorder.swift */,
				4729A9EA298F28FF003C52E0 /* UIView+LoadFromNib.swift */,
				4729A9EB298F28FF003C52E0 /* UIView+Shadow.swift */,
				4729A9EC298F28FF003C52E0 /* UIView+AddBorders.swift */,
			);
			path = UIView;
			sourceTree = "<group>";
		};
		4729A9EF298F28FF003C52E0 /* UINavigation */ = {
			isa = PBXGroup;
			children = (
				4729A9F0298F28FF003C52E0 /* UINavigationController+Completion.swift */,
				4729A9F1298F28FF003C52E0 /* UINavigationController+SwipeBack.swift */,
				4729A9F2298F28FF003C52E0 /* UINavigationItem+UIButton.swift */,
			);
			path = UINavigation;
			sourceTree = "<group>";
		};
		4729A9F5298F28FF003C52E0 /* UITextView */ = {
			isa = PBXGroup;
			children = (
				4729A9F6298F28FF003C52E0 /* UITextView+Newline.swift */,
				4729A9F7298F28FF003C52E0 /* UITextView+MaxLength.swift */,
				4729A9F8298F28FF003C52E0 /* UITextView+Placeholder.swift */,
				4729A9F9298F28FF003C52E0 /* UITextView+PreventPeriod.swift */,
			);
			path = UITextView;
			sourceTree = "<group>";
		};
		4729A9FA298F28FF003C52E0 /* UIImageView */ = {
			isa = PBXGroup;
			children = (
				4729A9FB298F28FF003C52E0 /* UIImageView+ProfilePic.swift */,
				4729A9FC298F28FF003C52E0 /* UIImageView+Inspectable.swift */,
				4729A9FD298F28FF003C52E0 /* UIImageView+Initials.swift */,
			);
			path = UIImageView;
			sourceTree = "<group>";
		};
		4729A9FE298F28FF003C52E0 /* UIViewController */ = {
			isa = PBXGroup;
			children = (
				4729A9FF298F28FF003C52E0 /* UIViewController+Child.swift */,
				4729AA00298F28FF003C52E0 /* UIViewController+TopLoading.swift */,
				4729AA01298F28FF003C52E0 /* UIViewController+OpenURL.swift */,
				4729AA02298F28FF003C52E0 /* UIVC+InteractivePop.swift */,
				4729AA03298F28FF003C52E0 /* UIViewController+DismissFlag.swift */,
				4729AA04298F28FF003C52E0 /* UIViewController+SBTransition.swift */,
				4729AA05298F28FF003C52E0 /* UIViewController+Window.swift */,
				4729AA06298F28FF003C52E0 /* UIViewController+MistShareActivity.swift */,
				4729AA07298F28FF003C52E0 /* UIViewController+FloatingButton.swift */,
				4729AA08298F28FF003C52E0 /* UIViewController+OpenMailApp.swift */,
				4729AA09298F28FF003C52E0 /* UIViewController+Loading.swift */,
				4729AA0A298F28FF003C52E0 /* UIViewController+ShareImage.swift */,
			);
			path = UIViewController;
			sourceTree = "<group>";
		};
		4729AA0B298F28FF003C52E0 /* UITableView */ = {
			isa = PBXGroup;
			children = (
				4729AA0C298F28FF003C52E0 /* UITableView+DeselectAll.swift */,
				4729AA0D298F28FF003C52E0 /* UITableView+SectionShadow.swift */,
				4729AA0E298F28FF003C52E0 /* UITableView+AnimateReload.swift */,
			);
			path = UITableView;
			sourceTree = "<group>";
		};
		4729AA0F298F28FF003C52E0 /* GestureRecognizer */ = {
			isa = PBXGroup;
			children = (
				4729AA10298F28FF003C52E0 /* PanGesture+Direction.swift */,
			);
			path = GestureRecognizer;
			sourceTree = "<group>";
		};
		4729AA13298F28FF003C52E0 /* UITextField */ = {
			isa = PBXGroup;
			children = (
				4729AA14298F28FF003C52E0 /* UITextField+MaxLength.swift */,
				4729AA15298F28FF003C52E0 /* UITextField+Padding.swift */,
			);
			path = UITextField;
			sourceTree = "<group>";
		};
		4729AA17298F28FF003C52E0 /* Constants */ = {
			isa = PBXGroup;
			children = (
				4729AA18298F28FF003C52E0 /* Constants.swift */,
				4729AA19298F28FF003C52E0 /* UIColor+Custom.swift */,
				4729AA1A298F28FF003C52E0 /* UIFont+Custom.swift */,
			);
			path = Constants;
			sourceTree = "<group>";
		};
		4729AA1B298F28FF003C52E0 /* AdditionalFiles */ = {
			isa = PBXGroup;
			children = (
				4729AA1C298F28FF003C52E0 /* ImagePicker.swift */,
				4729AA1D298F28FF003C52E0 /* MessageComposer.swift */,
			);
			path = AdditionalFiles;
			sourceTree = "<group>";
		};
		4729AA1E298F28FF003C52E0 /* Managers */ = {
			isa = PBXGroup;
			children = (
				4729AA1F298F28FF003C52E0 /* AppStoreReviewManager.swift */,
				4729AA20298F28FF003C52E0 /* AlertManager.swift */,
				4729AA21298F28FF003C52E0 /* NotificationsManager.swift */,
				4729AA22298F28FF003C52E0 /* PermissionsManager.swift */,
				4729AA23298F28FF003C52E0 /* ContactsManager.swift */,
			);
			path = Managers;
			sourceTree = "<group>";
		};
		4729AA24298F28FF003C52E0 /* Utils */ = {
			isa = PBXGroup;
			children = (
				4729AA25298F28FF003C52E0 /* Distance.swift */,
				4729AA26298F28FF003C52E0 /* Time.swift */,
				4729AA27298F28FF003C52E0 /* Validate.swift */,
				4729AA28298F28FF003C52E0 /* Version.swift */,
				4729AA29298F28FF003C52E0 /* CustomAttributedString.swift */,
				4729AA2A298F28FF003C52E0 /* Numbers.swift */,
			);
			path = Utils;
			sourceTree = "<group>";
		};
		4729AA8A298F2AB9003C52E0 /* Cells */ = {
			isa = PBXGroup;
			children = (
				4729AA8B298F2AD1003C52E0 /* MenuItemTableCell.swift */,
				4729AA8C298F2AD1003C52E0 /* MenuItemTableCell.xib */,
			);
			path = Cells;
			sourceTree = "<group>";
		};
		4729AA95298F32A1003C52E0 /* Objective-C */ = {
			isa = PBXGroup;
			children = (
				4729AA96298F32A1003C52E0 /* mist-ios-Bridging-Header.h */,
				4729AA97298F32A1003C52E0 /* UISheetPresentationControllerDetent+Private.h */,
			);
			path = "Objective-C";
			sourceTree = "<group>";
		};
		4729AA9D298F77D9003C52E0 /* Resources */ = {
			isa = PBXGroup;
			children = (
				4729AA9E298F77F4003C52E0 /* Models.scnassets */,
				4729A9AA298EFE90003C52E0 /* pie.usdz */,
				AC0CF8FC298F854700ADE21A /* falafel.usdz */,
				AC0CF8FE298F858A00ADE21A /* falafel.scn */,
				4729A9AB298EFE90003C52E0 /* pot.usdz */,
				AC1DB7A0298EF90A000B670F /* Experience.rcproject */,
				AC1DB7A5298EF90C000B670F /* Assets.xcassets */,
			);
			path = Resources;
			sourceTree = "<group>";
		};
		4729AAA0298F7808003C52E0 /* FromAppleDemo */ = {
			isa = PBXGroup;
			children = (
				4729AAB8298F7838003C52E0 /* ThresholdPanGesture.swift */,
				4729AAB9298F7838003C52E0 /* ViewController+Actions.swift */,
				4729AAB6298F7838003C52E0 /* ViewController+ARSCNViewDelegate.swift */,
				4729AAB5298F7837003C52E0 /* ViewController+CoachingOverlay.swift */,
				4729AAB3298F7837003C52E0 /* ViewController+ObjectSelection.swift */,
				4729AAB7298F7838003C52E0 /* VirtualObjectARView.swift */,
				4729AAB4298F7837003C52E0 /* VirtualObjectInteraction.swift */,
				4729AAA9298F7814003C52E0 /* Additional View Controllers */,
				4729AAA1298F7814003C52E0 /* Focus Square */,
				4729AAA7298F7814003C52E0 /* Utilities */,
				4729AAA4298F7814003C52E0 /* Virtual Objects */,
			);
			path = FromAppleDemo;
			sourceTree = "<group>";
		};
		4729AAA1298F7814003C52E0 /* Focus Square */ = {
			isa = PBXGroup;
			children = (
				4729AAA2298F7814003C52E0 /* FocusSquareSegment.swift */,
				4729AAA3298F7814003C52E0 /* FocusSquare.swift */,
			);
			path = "Focus Square";
			sourceTree = "<group>";
		};
		4729AAA4298F7814003C52E0 /* Virtual Objects */ = {
			isa = PBXGroup;
			children = (
				4729AAA5298F7814003C52E0 /* VirtualObjectLoader.swift */,
				4729AAA6298F7814003C52E0 /* VirtualObject.swift */,
			);
			path = "Virtual Objects";
			sourceTree = "<group>";
		};
		4729AAA7298F7814003C52E0 /* Utilities */ = {
			isa = PBXGroup;
			children = (
				4729AAA8298F7814003C52E0 /* Utilities.swift */,
			);
			path = Utilities;
			sourceTree = "<group>";
		};
		4729AAA9298F7814003C52E0 /* Additional View Controllers */ = {
			isa = PBXGroup;
			children = (
				4729AAAA298F7814003C52E0 /* VirtualObjectSelection.swift */,
				4729AAAB298F7814003C52E0 /* StatusViewController.swift */,
			);
			path = "Additional View Controllers";
			sourceTree = "<group>";
		};
		4729AAC7298F7F28003C52E0 /* Cart */ = {
			isa = PBXGroup;
			children = (
				4729AAC3298F7D0A003C52E0 /* CartService.swift */,
				4729AAC5298F7D0F003C52E0 /* Cart.swift */,
			);
			path = Cart;
			sourceTree = "<group>";
		};
		AC1DB790298EF90A000B670F = {
			isa = PBXGroup;
			children = (
				AC1DB79B298EF90A000B670F /* NewWorldOrder */,
				AC1DB79A298EF90A000B670F /* Products */,
			);
			sourceTree = "<group>";
		};
		AC1DB79A298EF90A000B670F /* Products */ = {
			isa = PBXGroup;
			children = (
				AC1DB799298EF90A000B670F /* NewWorldOrder.app */,
			);
			name = Products;
			sourceTree = "<group>";
		};
		AC1DB79B298EF90A000B670F /* NewWorldOrder */ = {
			isa = PBXGroup;
			children = (
				4729AAA0298F7808003C52E0 /* FromAppleDemo */,
				4729AA9D298F77D9003C52E0 /* Resources */,
				4729AA9C298F77A5003C52E0 /* Info.plist */,
				4729A9AE298F2866003C52E0 /* Model */,
				4729A9AF298F286A003C52E0 /* View */,
				4729A9B0298F286E003C52E0 /* Controller */,
				4729AA1B298F28FF003C52E0 /* AdditionalFiles */,
				4729AA95298F32A1003C52E0 /* Objective-C */,
				4729AA17298F28FF003C52E0 /* Constants */,
				4729A9BC298F28FF003C52E0 /* Extensions */,
				4729AA1E298F28FF003C52E0 /* Managers */,
				4729AA24298F28FF003C52E0 /* Utils */,
			);
			path = NewWorldOrder;
			sourceTree = "<group>";
		};
/* End PBXGroup section */

/* Begin PBXNativeTarget section */
		AC1DB798298EF90A000B670F /* NewWorldOrder */ = {
			isa = PBXNativeTarget;
			buildConfigurationList = AC1DB7AC298EF90C000B670F /* Build configuration list for PBXNativeTarget "NewWorldOrder" */;
			buildPhases = (
				AC1DB795298EF90A000B670F /* Sources */,
				AC1DB796298EF90A000B670F /* Frameworks */,
				AC1DB797298EF90A000B670F /* Resources */,
			);
			buildRules = (
			);
			dependencies = (
			);
			name = NewWorldOrder;
			packageProductDependencies = (
				4729AA88298F2A12003C52E0 /* SwiftMessages */,
			);
			productName = NewWorldOrder;
			productReference = AC1DB799298EF90A000B670F /* NewWorldOrder.app */;
			productType = "com.apple.product-type.application";
		};
/* End PBXNativeTarget section */

/* Begin PBXProject section */
		AC1DB791298EF90A000B670F /* Project object */ = {
			isa = PBXProject;
			attributes = {
				BuildIndependentTargetsInParallel = 1;
				LastSwiftUpdateCheck = 1420;
				LastUpgradeCheck = 1420;
				TargetAttributes = {
					AC1DB798298EF90A000B670F = {
						CreatedOnToolsVersion = 14.2;
					};
				};
			};
			buildConfigurationList = AC1DB794298EF90A000B670F /* Build configuration list for PBXProject "NewWorldOrder" */;
			compatibilityVersion = "Xcode 14.0";
			developmentRegion = en;
			hasScannedForEncodings = 0;
			knownRegions = (
				en,
				Base,
			);
			mainGroup = AC1DB790298EF90A000B670F;
			packageReferences = (
				4729AA87298F2A12003C52E0 /* XCRemoteSwiftPackageReference "SwiftMessages" */,
			);
			productRefGroup = AC1DB79A298EF90A000B670F /* Products */;
			projectDirPath = "";
			projectRoot = "";
			targets = (
				AC1DB798298EF90A000B670F /* NewWorldOrder */,
			);
		};
/* End PBXProject section */

/* Begin PBXResourcesBuildPhase section */
		AC1DB797298EF90A000B670F /* Resources */ = {
			isa = PBXResourcesBuildPhase;
			buildActionMask = 2147483647;
			files = (
				4729AA8E298F2AD1003C52E0 /* MenuItemTableCell.xib in Resources */,
				AC1DB7A9298EF90C000B670F /* LaunchScreen.storyboard in Resources */,
				AC1DB7A6298EF90C000B670F /* Assets.xcassets in Resources */,
				AC0CF8FD298F854700ADE21A /* falafel.usdz in Resources */,
				4729A9AC298EFE90003C52E0 /* pie.usdz in Resources */,
				AC1DB7A4298EF90A000B670F /* Main.storyboard in Resources */,
				AC0CF8FF298F858A00ADE21A /* falafel.scn in Resources */,
				4729A9AD298EFE90003C52E0 /* pot.usdz in Resources */,
				4729AA9F298F77F4003C52E0 /* Models.scnassets in Resources */,
			);
			runOnlyForDeploymentPostprocessing = 0;
		};
/* End PBXResourcesBuildPhase section */

/* Begin PBXSourcesBuildPhase section */
		AC1DB795298EF90A000B670F /* Sources */ = {
			isa = PBXSourcesBuildPhase;
			buildActionMask = 2147483647;
			files = (
				4729AA80298F28FF003C52E0 /* Time.swift in Sources */,
				4729A9BB298F28F0003C52E0 /* SheetVC.swift in Sources */,
				4729AA77298F28FF003C52E0 /* UIFont+Custom.swift in Sources */,
				4729AA2F298F28FF003C52E0 /* CLLocationCoordiante+Midpoint.swift in Sources */,
				4729AA79298F28FF003C52E0 /* MessageComposer.swift in Sources */,
				4729AA33298F28FF003C52E0 /* CNContact+Number.swift in Sources */,
				4729AA70298F28FF003C52E0 /* UISearchBar+CenterText.swift in Sources */,
				4729AA63298F28FF003C52E0 /* UIVC+InteractivePop.swift in Sources */,
				4729AA30298F28FF003C52E0 /* CLLocationCoordinate.swift in Sources */,
				4729AA66298F28FF003C52E0 /* UIViewController+Window.swift in Sources */,
				AC1DB79F298EF90A000B670F /* MenuVC.swift in Sources */,
				4729AA65298F28FF003C52E0 /* UIViewController+SBTransition.swift in Sources */,
				4729AA3D298F28FF003C52E0 /* UIImage+Resize.swift in Sources */,
				4729AA3E298F28FF003C52E0 /* UIImage+FromColor.swift in Sources */,
				4729AA68298F28FF003C52E0 /* UIViewController+FloatingButton.swift in Sources */,
				4729AAC6298F7D0F003C52E0 /* Cart.swift in Sources */,
				4729AA4D298F28FF003C52E0 /* UIView+ParentVC.swift in Sources */,
				4729AA73298F28FF003C52E0 /* UITextField+Padding.swift in Sources */,
				4729AA54298F28FF003C52E0 /* UINavigationController+Completion.swift in Sources */,
				4729AA8D298F2AD1003C52E0 /* MenuItemTableCell.swift in Sources */,
				4729AA5F298F28FF003C52E0 /* UIImageView+Initials.swift in Sources */,
				4729AA2D298F28FF003C52E0 /* CLLocationCoordinate+Heading.swift in Sources */,
				4729AA39298F28FF003C52E0 /* String+Condensed.swift in Sources */,
				4729AA45298F28FF003C52E0 /* UIButton+RightSideImage.swift in Sources */,
				4729AA67298F28FF003C52E0 /* UIViewController+MistShareActivity.swift in Sources */,
				AC1DB79D298EF90A000B670F /* AppDelegate.swift in Sources */,
				4729AA41298F28FF003C52E0 /* UIImage+Thumbnail.swift in Sources */,
				4729AA59298F28FF003C52E0 /* UITextView+Newline.swift in Sources */,
				4729AA9B298F488A003C52E0 /* MoreVC.swift in Sources */,
				4729AA64298F28FF003C52E0 /* UIViewController+DismissFlag.swift in Sources */,
				4729AA58298F28FF003C52E0 /* UIAlertController+AddImage.swift in Sources */,
				4729AA37298F28FF003C52E0 /* String+Pattern.swift in Sources */,
				4729AA32298F28FF003C52E0 /* Dict+RemoveNullEntries.swift in Sources */,
				4729AAAF298F7814003C52E0 /* VirtualObject.swift in Sources */,
				4729AA92298F3243003C52E0 /* CustomSheetViewController.swift in Sources */,
				4729AA56298F28FF003C52E0 /* UINavigationItem+UIButton.swift in Sources */,
				AC1DB7A1298EF90A000B670F /* Experience.rcproject in Sources */,
				4729AA69298F28FF003C52E0 /* UIViewController+OpenMailApp.swift in Sources */,
				4729AA50298F28FF003C52E0 /* UIView+Shadow.swift in Sources */,
				4729AA3A298F28FF003C52E0 /* String+Indexing.swift in Sources */,
				4729AA55298F28FF003C52E0 /* UINavigationController+SwipeBack.swift in Sources */,
				4729AA35298F28FF003C52E0 /* String+Random.swift in Sources */,
				4729AAC2298F7875003C52E0 /* MenuVC+AR.swift in Sources */,
				4729AAAC298F7814003C52E0 /* FocusSquareSegment.swift in Sources */,
				4729AA57298F28FF003C52E0 /* InsetLabel.swift in Sources */,
				4729AA31298F28FF003C52E0 /* Color+Hex.swift in Sources */,
				4729AA78298F28FF003C52E0 /* ImagePicker.swift in Sources */,
				4729AA51298F28FF003C52E0 /* UIView+AddBorders.swift in Sources */,
				4729AABB298F7838003C52E0 /* VirtualObjectInteraction.swift in Sources */,
				4729AA7C298F28FF003C52E0 /* NotificationsManager.swift in Sources */,
				4729AABE298F7838003C52E0 /* VirtualObjectARView.swift in Sources */,
				4729AA34298F28FF003C52E0 /* StringChat+Emoji.swift in Sources */,
				4729AA60298F28FF003C52E0 /* UIViewController+Child.swift in Sources */,
				4729AA4E298F28FF003C52E0 /* UIView+TopBorder.swift in Sources */,
				4729AA49298F28FF003C52E0 /* UIView+Animations.swift in Sources */,
				4729AA40298F28FF003C52E0 /* UIImage+WithSize.swift in Sources */,
				4729AAAD298F7814003C52E0 /* FocusSquare.swift in Sources */,
				4729AAAE298F7814003C52E0 /* VirtualObjectLoader.swift in Sources */,
				4729AABA298F7838003C52E0 /* ViewController+ObjectSelection.swift in Sources */,
				4729AA4C298F28FF003C52E0 /* UIView+RoundedIndividualCorners.swift in Sources */,
				4729AA6C298F28FF003C52E0 /* UITableView+DeselectAll.swift in Sources */,
				4729AA36298F28FF003C52E0 /* String+Ranges.swift in Sources */,
				4729AA38298F28FF003C52E0 /* String+Capitalization.swift in Sources */,
				4729AA82298F28FF003C52E0 /* Version.swift in Sources */,
				4729AAC4298F7D0A003C52E0 /* CartService.swift in Sources */,
				4729A9B5298F28E0003C52E0 /* DeviceService.swift in Sources */,
				4729AA43298F28FF003C52E0 /* UIScrollView+IsAt.swift in Sources */,
				4729AABD298F7838003C52E0 /* ViewController+ARSCNViewDelegate.swift in Sources */,
				4729A9B6298F28E0003C52E0 /* Device.swift in Sources */,
				4729AA5C298F28FF003C52E0 /* UITextView+PreventPeriod.swift in Sources */,
				4729AA99298F479E003C52E0 /* CheckoutVC.swift in Sources */,
				4729AABF298F7838003C52E0 /* ThresholdPanGesture.swift in Sources */,
				4729AA76298F28FF003C52E0 /* UIColor+Custom.swift in Sources */,
				4729AA48298F28FF003C52E0 /* UIView+BecomeRound.swift in Sources */,
				4729A9BA298F28F0003C52E0 /* UpdateAvailableVC.swift in Sources */,
				4729AA7B298F28FF003C52E0 /* AlertManager.swift in Sources */,
				4729AA52298F28FF003C52E0 /* UIColor+Hex.swift in Sources */,
				4729AA72298F28FF003C52E0 /* UITextField+MaxLength.swift in Sources */,
				4729AA3F298F28FF003C52E0 /* UIImage+Blur.swift in Sources */,
				4729AA94298F3257003C52E0 /* ItemSheetVC.swift in Sources */,
				4729AA4F298F28FF003C52E0 /* UIView+LoadFromNib.swift in Sources */,
				4729AA7E298F28FF003C52E0 /* ContactsManager.swift in Sources */,
				4729AA83298F28FF003C52E0 /* CustomAttributedString.swift in Sources */,
				4729AAB1298F7814003C52E0 /* VirtualObjectSelection.swift in Sources */,
				4729AA6E298F28FF003C52E0 /* UITableView+AnimateReload.swift in Sources */,
				4729AA44298F28FF003C52E0 /* UIButton+LoadingIndicator.swift in Sources */,
				4729AA6F298F28FF003C52E0 /* PanGesture+Direction.swift in Sources */,
				4729AA47298F28FF003C52E0 /* UIView+PostBubble.swift in Sources */,
				4729AA6B298F28FF003C52E0 /* UIViewController+ShareImage.swift in Sources */,
				4729AA61298F28FF003C52E0 /* UIViewController+TopLoading.swift in Sources */,
				4729AA42298F28FF003C52E0 /* UIScrollView+ToTop.swift in Sources */,
				4729AA46298F28FF003C52E0 /* UIBarButtonItem+Image.swift in Sources */,
				4729AA84298F28FF003C52E0 /* Numbers.swift in Sources */,
				4729AABC298F7838003C52E0 /* ViewController+CoachingOverlay.swift in Sources */,
				4729AAB2298F7814003C52E0 /* StatusViewController.swift in Sources */,
				4729AA6D298F28FF003C52E0 /* UITableView+SectionShadow.swift in Sources */,
				4729AA75298F28FF003C52E0 /* Constants.swift in Sources */,
				4729AA53298F28FF003C52E0 /* UIPageViewController+GoTo.swift in Sources */,
				4729AA5E298F28FF003C52E0 /* UIImageView+Inspectable.swift in Sources */,
				4729AAC0298F7838003C52E0 /* ViewController+Actions.swift in Sources */,
				4729AA2C298F28FF003C52E0 /* MKPlacemark+Address.swift in Sources */,
				4729AA6A298F28FF003C52E0 /* UIViewController+Loading.swift in Sources */,
				4729AA5A298F28FF003C52E0 /* UITextView+MaxLength.swift in Sources */,
				4729AA4A298F28FF003C52E0 /* UIView+AllSubviews.swift in Sources */,
				4729AA62298F28FF003C52E0 /* UIViewController+OpenURL.swift in Sources */,
				4729AA7F298F28FF003C52E0 /* Distance.swift in Sources */,
				4729AA86298F29C2003C52E0 /* SceneDelegate.swift in Sources */,
				4729AA5D298F28FF003C52E0 /* UIImageView+ProfilePic.swift in Sources */,
				4729AAB0298F7814003C52E0 /* Utilities.swift in Sources */,
				4729AA7D298F28FF003C52E0 /* PermissionsManager.swift in Sources */,
				4729AA90298F2DBF003C52E0 /* MenuItem.swift in Sources */,
				4729AA3C298F28FF003C52E0 /* UIImage+Compress.swift in Sources */,
				4729AA74298F28FF003C52E0 /* Encodable+Dict.swift in Sources */,
				4729AA5B298F28FF003C52E0 /* UITextView+Placeholder.swift in Sources */,
				4729AA81298F28FF003C52E0 /* Validate.swift in Sources */,
				4729AA2B298F28FF003C52E0 /* MKPointOfInterestCategory+Extension.swift in Sources */,
				4729AA3B298F28FF003C52E0 /* Array+FirstWhere.swift in Sources */,
				4729AA4B298F28FF003C52E0 /* UIView+SafeAreaConstraints.swift in Sources */,
				4729AA71298F28FF003C52E0 /* UISegmentedControl+Twitter.swift in Sources */,
				4729AA2E298F28FF003C52E0 /* CLLocationCoordinate+Distance.swift in Sources */,
				4729AA7A298F28FF003C52E0 /* AppStoreReviewManager.swift in Sources */,
			);
			runOnlyForDeploymentPostprocessing = 0;
		};
/* End PBXSourcesBuildPhase section */

/* Begin PBXVariantGroup section */
		AC1DB7A2298EF90A000B670F /* Main.storyboard */ = {
			isa = PBXVariantGroup;
			children = (
				AC1DB7A3298EF90A000B670F /* Base */,
			);
			name = Main.storyboard;
			sourceTree = "<group>";
		};
		AC1DB7A7298EF90C000B670F /* LaunchScreen.storyboard */ = {
			isa = PBXVariantGroup;
			children = (
				AC1DB7A8298EF90C000B670F /* Base */,
			);
			name = LaunchScreen.storyboard;
			sourceTree = "<group>";
		};
/* End PBXVariantGroup section */

/* Begin XCBuildConfiguration section */
		AC1DB7AA298EF90C000B670F /* Debug */ = {
			isa = XCBuildConfiguration;
			buildSettings = {
				ALWAYS_SEARCH_USER_PATHS = NO;
				CLANG_ANALYZER_NONNULL = YES;
				CLANG_ANALYZER_NUMBER_OBJECT_CONVERSION = YES_AGGRESSIVE;
				CLANG_CXX_LANGUAGE_STANDARD = "gnu++20";
				CLANG_ENABLE_MODULES = YES;
				CLANG_ENABLE_OBJC_ARC = YES;
				CLANG_ENABLE_OBJC_WEAK = YES;
				CLANG_WARN_BLOCK_CAPTURE_AUTORELEASING = YES;
				CLANG_WARN_BOOL_CONVERSION = YES;
				CLANG_WARN_COMMA = YES;
				CLANG_WARN_CONSTANT_CONVERSION = YES;
				CLANG_WARN_DEPRECATED_OBJC_IMPLEMENTATIONS = YES;
				CLANG_WARN_DIRECT_OBJC_ISA_USAGE = YES_ERROR;
				CLANG_WARN_DOCUMENTATION_COMMENTS = YES;
				CLANG_WARN_EMPTY_BODY = YES;
				CLANG_WARN_ENUM_CONVERSION = YES;
				CLANG_WARN_INFINITE_RECURSION = YES;
				CLANG_WARN_INT_CONVERSION = YES;
				CLANG_WARN_NON_LITERAL_NULL_CONVERSION = YES;
				CLANG_WARN_OBJC_IMPLICIT_RETAIN_SELF = YES;
				CLANG_WARN_OBJC_LITERAL_CONVERSION = YES;
				CLANG_WARN_OBJC_ROOT_CLASS = YES_ERROR;
				CLANG_WARN_QUOTED_INCLUDE_IN_FRAMEWORK_HEADER = YES;
				CLANG_WARN_RANGE_LOOP_ANALYSIS = YES;
				CLANG_WARN_STRICT_PROTOTYPES = YES;
				CLANG_WARN_SUSPICIOUS_MOVE = YES;
				CLANG_WARN_UNGUARDED_AVAILABILITY = YES_AGGRESSIVE;
				CLANG_WARN_UNREACHABLE_CODE = YES;
				CLANG_WARN__DUPLICATE_METHOD_MATCH = YES;
				COPY_PHASE_STRIP = NO;
				DEBUG_INFORMATION_FORMAT = dwarf;
				ENABLE_STRICT_OBJC_MSGSEND = YES;
				ENABLE_TESTABILITY = YES;
				GCC_C_LANGUAGE_STANDARD = gnu11;
				GCC_DYNAMIC_NO_PIC = NO;
				GCC_NO_COMMON_BLOCKS = YES;
				GCC_OPTIMIZATION_LEVEL = 0;
				GCC_PREPROCESSOR_DEFINITIONS = (
					"DEBUG=1",
					"$(inherited)",
				);
				GCC_WARN_64_TO_32_BIT_CONVERSION = YES;
				GCC_WARN_ABOUT_RETURN_TYPE = YES_ERROR;
				GCC_WARN_UNDECLARED_SELECTOR = YES;
				GCC_WARN_UNINITIALIZED_AUTOS = YES_AGGRESSIVE;
				GCC_WARN_UNUSED_FUNCTION = YES;
				GCC_WARN_UNUSED_VARIABLE = YES;
				IPHONEOS_DEPLOYMENT_TARGET = 15.0;
				MTL_ENABLE_DEBUG_INFO = INCLUDE_SOURCE;
				MTL_FAST_MATH = YES;
				ONLY_ACTIVE_ARCH = YES;
				SDKROOT = iphoneos;
				SWIFT_ACTIVE_COMPILATION_CONDITIONS = DEBUG;
				SWIFT_OPTIMIZATION_LEVEL = "-Onone";
			};
			name = Debug;
		};
		AC1DB7AB298EF90C000B670F /* Release */ = {
			isa = XCBuildConfiguration;
			buildSettings = {
				ALWAYS_SEARCH_USER_PATHS = NO;
				CLANG_ANALYZER_NONNULL = YES;
				CLANG_ANALYZER_NUMBER_OBJECT_CONVERSION = YES_AGGRESSIVE;
				CLANG_CXX_LANGUAGE_STANDARD = "gnu++20";
				CLANG_ENABLE_MODULES = YES;
				CLANG_ENABLE_OBJC_ARC = YES;
				CLANG_ENABLE_OBJC_WEAK = YES;
				CLANG_WARN_BLOCK_CAPTURE_AUTORELEASING = YES;
				CLANG_WARN_BOOL_CONVERSION = YES;
				CLANG_WARN_COMMA = YES;
				CLANG_WARN_CONSTANT_CONVERSION = YES;
				CLANG_WARN_DEPRECATED_OBJC_IMPLEMENTATIONS = YES;
				CLANG_WARN_DIRECT_OBJC_ISA_USAGE = YES_ERROR;
				CLANG_WARN_DOCUMENTATION_COMMENTS = YES;
				CLANG_WARN_EMPTY_BODY = YES;
				CLANG_WARN_ENUM_CONVERSION = YES;
				CLANG_WARN_INFINITE_RECURSION = YES;
				CLANG_WARN_INT_CONVERSION = YES;
				CLANG_WARN_NON_LITERAL_NULL_CONVERSION = YES;
				CLANG_WARN_OBJC_IMPLICIT_RETAIN_SELF = YES;
				CLANG_WARN_OBJC_LITERAL_CONVERSION = YES;
				CLANG_WARN_OBJC_ROOT_CLASS = YES_ERROR;
				CLANG_WARN_QUOTED_INCLUDE_IN_FRAMEWORK_HEADER = YES;
				CLANG_WARN_RANGE_LOOP_ANALYSIS = YES;
				CLANG_WARN_STRICT_PROTOTYPES = YES;
				CLANG_WARN_SUSPICIOUS_MOVE = YES;
				CLANG_WARN_UNGUARDED_AVAILABILITY = YES_AGGRESSIVE;
				CLANG_WARN_UNREACHABLE_CODE = YES;
				CLANG_WARN__DUPLICATE_METHOD_MATCH = YES;
				COPY_PHASE_STRIP = NO;
				DEBUG_INFORMATION_FORMAT = "dwarf-with-dsym";
				ENABLE_NS_ASSERTIONS = NO;
				ENABLE_STRICT_OBJC_MSGSEND = YES;
				GCC_C_LANGUAGE_STANDARD = gnu11;
				GCC_NO_COMMON_BLOCKS = YES;
				GCC_WARN_64_TO_32_BIT_CONVERSION = YES;
				GCC_WARN_ABOUT_RETURN_TYPE = YES_ERROR;
				GCC_WARN_UNDECLARED_SELECTOR = YES;
				GCC_WARN_UNINITIALIZED_AUTOS = YES_AGGRESSIVE;
				GCC_WARN_UNUSED_FUNCTION = YES;
				GCC_WARN_UNUSED_VARIABLE = YES;
				IPHONEOS_DEPLOYMENT_TARGET = 15.0;
				MTL_ENABLE_DEBUG_INFO = NO;
				MTL_FAST_MATH = YES;
				SDKROOT = iphoneos;
				SWIFT_COMPILATION_MODE = wholemodule;
				SWIFT_OPTIMIZATION_LEVEL = "-O";
				VALIDATE_PRODUCT = YES;
			};
			name = Release;
		};
		AC1DB7AD298EF90C000B670F /* Debug */ = {
			isa = XCBuildConfiguration;
			buildSettings = {
				ASSETCATALOG_COMPILER_APPICON_NAME = AppIcon;
				ASSETCATALOG_COMPILER_GLOBAL_ACCENT_COLOR_NAME = AccentColor;
				CODE_SIGN_STYLE = Automatic;
				CURRENT_PROJECT_VERSION = 1;
				DEVELOPMENT_TEAM = BK6S5YLHV4;
				GENERATE_INFOPLIST_FILE = YES;
				INFOPLIST_FILE = NewWorldOrder/Info.plist;
				INFOPLIST_KEY_CFBundleDisplayName = NewWorldOrder;
				INFOPLIST_KEY_LSApplicationCategoryType = "public.app-category.food-and-drink";
				INFOPLIST_KEY_NSCameraUsageDescription = "The camera is used for augmenting reality.";
				INFOPLIST_KEY_UIApplicationSupportsIndirectInputEvents = YES;
				INFOPLIST_KEY_UILaunchStoryboardName = LaunchScreen;
				INFOPLIST_KEY_UIMainStoryboardFile = Main;
				INFOPLIST_KEY_UIRequiredDeviceCapabilities = arkit;
				INFOPLIST_KEY_UIStatusBarHidden = YES;
				INFOPLIST_KEY_UISupportedInterfaceOrientations = UIInterfaceOrientationPortrait;
				INFOPLIST_KEY_UISupportedInterfaceOrientations_iPad = "UIInterfaceOrientationLandscapeLeft UIInterfaceOrientationLandscapeRight UIInterfaceOrientationPortrait UIInterfaceOrientationPortraitUpsideDown";
				IPHONEOS_DEPLOYMENT_TARGET = 15.0;
				LD_RUNPATH_SEARCH_PATHS = (
					"$(inherited)",
					"@executable_path/Frameworks",
				);
				MARKETING_VERSION = 0.0.1;
				PRODUCT_BUNDLE_IDENTIFIER = com.terathought.NewWorldOrder;
				PRODUCT_NAME = "$(TARGET_NAME)";
				SUPPORTED_PLATFORMS = "iphoneos iphonesimulator";
				SUPPORTS_MACCATALYST = NO;
				SUPPORTS_MAC_DESIGNED_FOR_IPHONE_IPAD = NO;
				SWIFT_EMIT_LOC_STRINGS = YES;
				SWIFT_OBJC_BRIDGING_HEADER = "./NewWorldOrder/Objective-C/mist-ios-Bridging-Header.h";
				SWIFT_VERSION = 5.0;
				TARGETED_DEVICE_FAMILY = 1;
			};
			name = Debug;
		};
		AC1DB7AE298EF90C000B670F /* Release */ = {
			isa = XCBuildConfiguration;
			buildSettings = {
				ASSETCATALOG_COMPILER_APPICON_NAME = AppIcon;
				ASSETCATALOG_COMPILER_GLOBAL_ACCENT_COLOR_NAME = AccentColor;
				CODE_SIGN_STYLE = Automatic;
				CURRENT_PROJECT_VERSION = 1;
				DEVELOPMENT_TEAM = BK6S5YLHV4;
				GENERATE_INFOPLIST_FILE = YES;
				INFOPLIST_FILE = NewWorldOrder/Info.plist;
				INFOPLIST_KEY_CFBundleDisplayName = NewWorldOrder;
				INFOPLIST_KEY_LSApplicationCategoryType = "public.app-category.food-and-drink";
				INFOPLIST_KEY_NSCameraUsageDescription = "The camera is used for augmenting reality.";
				INFOPLIST_KEY_UIApplicationSupportsIndirectInputEvents = YES;
				INFOPLIST_KEY_UILaunchStoryboardName = LaunchScreen;
				INFOPLIST_KEY_UIMainStoryboardFile = Main;
				INFOPLIST_KEY_UIRequiredDeviceCapabilities = arkit;
				INFOPLIST_KEY_UIStatusBarHidden = YES;
				INFOPLIST_KEY_UISupportedInterfaceOrientations = UIInterfaceOrientationPortrait;
				INFOPLIST_KEY_UISupportedInterfaceOrientations_iPad = "UIInterfaceOrientationLandscapeLeft UIInterfaceOrientationLandscapeRight UIInterfaceOrientationPortrait UIInterfaceOrientationPortraitUpsideDown";
				IPHONEOS_DEPLOYMENT_TARGET = 15.0;
				LD_RUNPATH_SEARCH_PATHS = (
					"$(inherited)",
					"@executable_path/Frameworks",
				);
				MARKETING_VERSION = 0.0.1;
				PRODUCT_BUNDLE_IDENTIFIER = com.terathought.NewWorldOrder;
				PRODUCT_NAME = "$(TARGET_NAME)";
				SUPPORTED_PLATFORMS = "iphoneos iphonesimulator";
				SUPPORTS_MACCATALYST = NO;
				SUPPORTS_MAC_DESIGNED_FOR_IPHONE_IPAD = NO;
				SWIFT_EMIT_LOC_STRINGS = YES;
				SWIFT_OBJC_BRIDGING_HEADER = "./NewWorldOrder/Objective-C/mist-ios-Bridging-Header.h";
				SWIFT_VERSION = 5.0;
				TARGETED_DEVICE_FAMILY = 1;
			};
			name = Release;
		};
/* End XCBuildConfiguration section */

/* Begin XCConfigurationList section */
		AC1DB794298EF90A000B670F /* Build configuration list for PBXProject "NewWorldOrder" */ = {
			isa = XCConfigurationList;
			buildConfigurations = (
				AC1DB7AA298EF90C000B670F /* Debug */,
				AC1DB7AB298EF90C000B670F /* Release */,
			);
			defaultConfigurationIsVisible = 0;
			defaultConfigurationName = Release;
		};
		AC1DB7AC298EF90C000B670F /* Build configuration list for PBXNativeTarget "NewWorldOrder" */ = {
			isa = XCConfigurationList;
			buildConfigurations = (
				AC1DB7AD298EF90C000B670F /* Debug */,
				AC1DB7AE298EF90C000B670F /* Release */,
			);
			defaultConfigurationIsVisible = 0;
			defaultConfigurationName = Release;
		};
/* End XCConfigurationList section */

/* Begin XCRemoteSwiftPackageReference section */
		4729AA87298F2A12003C52E0 /* XCRemoteSwiftPackageReference "SwiftMessages" */ = {
			isa = XCRemoteSwiftPackageReference;
			repositoryURL = "https://github.com/SwiftKickMobile/SwiftMessages";
			requirement = {
				kind = upToNextMajorVersion;
				minimumVersion = 9.0.0;
			};
		};
/* End XCRemoteSwiftPackageReference section */

/* Begin XCSwiftPackageProductDependency section */
		4729AA88298F2A12003C52E0 /* SwiftMessages */ = {
			isa = XCSwiftPackageProductDependency;
			package = 4729AA87298F2A12003C52E0 /* XCRemoteSwiftPackageReference "SwiftMessages" */;
			productName = SwiftMessages;
		};
/* End XCSwiftPackageProductDependency section */
	};
	rootObject = AC1DB791298EF90A000B670F /* Project object */;
}
